
Microsoft Visual Studio Solution File, Format Version 10.00
# Visual Studio 2008
Project("{FAE04EC0-301F-11D3-BF4B-00C04F79EFBC}") = "Start", "Start\Start.csproj", "{95928DBE-F4EA-450E-A01D-C292DEF9C447}"
EndProject
Project("{2150E333-8FDC-42A3-9474-1A3956D46DE8}") = "Parameters", "Parameters", "{6FE5C10E-0F8B-498A-BBB6-56062DC2BD55}"
EndProject
Project("{2150E333-8FDC-42A3-9474-1A3956D46DE8}") = "MediaRW", "MediaRW", "{A9710A23-B951-4D61-9A85-70994E539717}"
EndProject
Project("{FAE04EC0-301F-11D3-BF4B-00C04F79EFBC}") = "EODParametersW", "Parameters\OverallParameters\EODParametersW.csproj", "{6C8ECD60-4CA2-479A-9962-C3D739FA35AD}"
EndProject
Project("{2150E333-8FDC-42A3-9474-1A3956D46DE8}") = "Tests", "Tests", "{50B14211-2A9D-4956-A43F-A8B7A3000AF0}"
EndProject
Project("{2150E333-8FDC-42A3-9474-1A3956D46DE8}") = "Tools", "Tools", "{6474B340-EE2C-400E-B441-4456FFC421A6}"
EndProject
Project("{FAE04EC0-301F-11D3-BF4B-00C04F79EFBC}") = "TestTT", "Tests\TestTT\TestTT.csproj", "{CF004D26-5AE5-47D9-B237-4054AAC4467E}"
EndProject
Project("{FAE04EC0-301F-11D3-BF4B-00C04F79EFBC}") = "Constants", "Constants\Constants.csproj", "{676BCED4-EF06-4D30-AF3A-E69C1AB62490}"
EndProject
Project("{2150E333-8FDC-42A3-9474-1A3956D46DE8}") = "BusinessRules", "BusinessRules", "{446F1A6A-3624-4880-A7B0-BA3E3B0530F2}"
EndProject
Project("{FAE04EC0-301F-11D3-BF4B-00C04F79EFBC}") = "CommonRules", "Rules\CommonRules\CommonRules.csproj", "{F47E39D9-3A57-4D4B-B36C-002295FF5519}"
EndProject
Project("{2150E333-8FDC-42A3-9474-1A3956D46DE8}") = "CSCReaderAdapter", "CSCReaderAdapter", "{FD4F98C5-45EC-49C4-B42F-E378D98F5A83}"
EndProject
Project("{FAE04EC0-301F-11D3-BF4B-00C04F79EFBC}") = "CSCv3Adapter", "CSCv3Adapter\CSCv3Adapter.csproj", "{370CAFF0-9475-450A-8B03-2B6C3197BAA3}"
EndProject
Project("{FAE04EC0-301F-11D3-BF4B-00C04F79EFBC}") = "CSCv4Adapter", "CSCv4Adapter\CSCv4Adapter.csproj", "{B68D9102-04B1-4122-B3F8-32BFA314B694}"
EndProject
Project("{2150E333-8FDC-42A3-9474-1A3956D46DE8}") = "Cryptoflex", "Cryptoflex", "{C40BCB78-E884-48B5-8526-665EDB830F37}"
EndProject
Project("{FAE04EC0-301F-11D3-BF4B-00C04F79EFBC}") = "CryptoflexFunctions", "CryptoflexFunctions\CryptoflexFunctions.csproj", "{31193C90-AB4B-4416-8E89-1D8155B05A8E}"
EndProject
Project("{FAE04EC0-301F-11D3-BF4B-00C04F79EFBC}") = "Common", "Common\Common.csproj", "{CD865DB0-9C54-4E66-AA47-1CFC75E30075}"
EndProject
Project("{2150E333-8FDC-42A3-9474-1A3956D46DE8}") = "CSCReader", "CSCReader", "{0D731525-FFAE-46CC-9BC4-19C11BEED63E}"
EndProject
Project("{FAE04EC0-301F-11D3-BF4B-00C04F79EFBC}") = "TestCSCReader", "TestCSCReader\TestCSCReader.csproj", "{CF04AF73-FE38-45D6-9793-662D30182B6C}"
EndProject
Project("{2150E333-8FDC-42A3-9474-1A3956D46DE8}") = "Main", "Main", "{B4379213-11CB-46E1-B54C-06A35D83A7A8}"
EndProject
Project("{FAE04EC0-301F-11D3-BF4B-00C04F79EFBC}") = "TTMain", "Main\TTMain\TTMain.csproj", "{83FEF915-616E-4BD3-94EE-CB4A1F61134B}"
EndProject
Project("{2150E333-8FDC-42A3-9474-1A3956D46DE8}") = "SmartCard", "SmartCard", "{2EFE3EB7-FB10-4332-B09D-1D71EFC45C9A}"
EndProject
Project("{FAE04EC0-301F-11D3-BF4B-00C04F79EFBC}") = "SmartFunctions", "SmartCard\SmartCard\SmartFunctions.csproj", "{D3D88159-0B54-44F1-8456-495D57CA8180}"
EndProject
Project("{2150E333-8FDC-42A3-9474-1A3956D46DE8}") = "SecurityMgr", "SecurityMgr", "{F380E2E5-E414-4DDE-A8F2-159BBCB374B6}"
EndProject
Project("{FAE04EC0-301F-11D3-BF4B-00C04F79EFBC}") = "SecurityMgr", "SecurityMgr\SecurityMgr\SecurityMgr.csproj", "{7E202DED-A1AE-4FD4-B2C5-30C28EA091D7}"
EndProject
Project("{FAE04EC0-301F-11D3-BF4B-00C04F79EFBC}") = "TestParameters", "Tests\TestParameters\TestParameters.csproj", "{95EEFDC7-2884-4C8F-A715-D64F3B4A190A}"
EndProject
Project("{FAE04EC0-301F-11D3-BF4B-00C04F79EFBC}") = "TestXdrToXml", "Tests\TestXdrToXml\TestXdrToXml.csproj", "{9EAEDF61-6A41-4ACD-A3A5-2A5DEA191AE3}"
EndProject
Project("{FAE04EC0-301F-11D3-BF4B-00C04F79EFBC}") = "TestFunctions", "Tests\TestFunctions\TestFunctions.csproj", "{8B30E35E-8850-4A16-9160-D7DA2E5A54B5}"
EndProject
Project("{2150E333-8FDC-42A3-9474-1A3956D46DE8}") = "WindowsCE", "WindowsCE", "{9747FD35-587F-40A5-95A9-8036344FB6D7}"
EndProject
Project("{FAE04EC0-301F-11D3-BF4B-00C04F79EFBC}") = "EODParameters", "WindowsCE\EODParameters\EODParameters.csproj", "{57E7EA11-EAFF-40B8-9947-89DE339CB966}"
EndProject
Project("{FAE04EC0-301F-11D3-BF4B-00C04F79EFBC}") = "TTMainCE", "WindowsCE\TTMainCE\TTMainCE.csproj", "{14E17A58-BF38-42E9-A383-847BFA75C30B}"
EndProject
Project("{FAE04EC0-301F-11D3-BF4B-00C04F79EFBC}") = "MediaTreatment", "WindowsCE\MediaTreatment\MediaTreatment.csproj", "{1BD5D95F-7F3A-4F3B-8189-9A256D4CDDD4}"
EndProject
Project("{2150E333-8FDC-42A3-9474-1A3956D46DE8}") = "CCHSSAM", "CCHSSAM", "{AB6D97D5-EF92-4F29-A920-791E60BAAFF7}"
EndProject
Project("{FAE04EC0-301F-11D3-BF4B-00C04F79EFBC}") = "CCSHSAM", "SAM\CCHSSAM\CCSHSAM\CCSHSAM.csproj", "{DEE8E0C5-6D66-4B5F-A413-991D613D0707}"
EndProject
Project("{2150E333-8FDC-42A3-9474-1A3956D46DE8}") = "MonoLinux", "MonoLinux", "{BC3A3E36-C67F-4228-8EE5-3EF8C79F2CED}"
EndProject
Project("{FAE04EC0-301F-11D3-BF4B-00C04F79EFBC}") = "EODParametersMoLi", "MonoLinux\EODParametersMoLi\EODParametersMoLi.csproj", "{B3F811E5-96D3-4274-93EC-14DA1C660F83}"
EndProject
Project("{FAE04EC0-301F-11D3-BF4B-00C04F79EFBC}") = "TTMainMoLi", "MonoLinux\TTMainMoLi\TTMainMoLi.csproj", "{CA53D507-EEF8-4838-BA99-591EAF0311B6}"
EndProject
Project("{FAE04EC0-301F-11D3-BF4B-00C04F79EFBC}") = "MediaTreatmentNoLi", "MonoLinux\MediaTreatmentNoLi\MediaTreatmentNoLi.csproj", "{09045512-2992-43FA-935D-6D4CB2B83288}"
EndProject
Project("{FAE04EC0-301F-11D3-BF4B-00C04F79EFBC}") = "ReaderFunctions", "ClassLibrary1\ReaderFunctions.csproj", "{9C932167-FAB2-4AF4-9694-96208F5F8F43}"
EndProject
Project("{FAE04EC0-301F-11D3-BF4B-00C04F79EFBC}") = "CSCVisiontekAdapter", "CSCVisiontekAdapter\CSCVisiontekAdapter.csproj", "{41C6D497-55C4-4867-BDEA-684934559676}"
EndProject
Project("{8BC9CEB8-8B4A-11D0-8D11-00A0C91BC942}") = "ThalesCSCApiWrapperForSakeOfCallback", "ThalesCSCApiWrapperForSakeOfCallback\ThalesCSCApiWrapperForSakeOfCallback.vcproj", "{F81C99DE-39E2-4C90-AF01-E11C2D13DACC}"
EndProject
Project("{2150E333-8FDC-42A3-9474-1A3956D46DE8}") = "WindowsMobile", "WindowsMobile", "{F7A639C6-890E-4029-A464-03CCDCBF9D9E}"
EndProject
Project("{FAE04EC0-301F-11D3-BF4B-00C04F79EFBC}") = "EODParameters", "WindowsMobile\EODParameters\EODParameters.csproj", "{C93795EE-5396-4EFD-9112-950802C34CF6}"
EndProject
Project("{FAE04EC0-301F-11D3-BF4B-00C04F79EFBC}") = "TTMain", "WindowsMobile\TTMain\TTMain.csproj", "{B9A4BD22-6FCA-4605-B7BF-60C8E8826368}"
EndProject
Project("{FAE04EC0-301F-11D3-BF4B-00C04F79EFBC}") = "MediaTreatmentWM", "WindowsMobile\MediaTreatmentWM\MediaTreatmentWM.csproj", "{D8A38403-7755-41D4-B0FF-F95340845917}"
EndProject
Project("{FAE04EC0-301F-11D3-BF4B-00C04F79EFBC}") = "CCHSSAMLibrary", "SAM\CCHSSAMLibrary\CCHSSAMLibrary.csproj", "{6AE5ECCB-464F-4AF2-8E50-23605F23DF93}"
EndProject
Project("{FAE04EC0-301F-11D3-BF4B-00C04F79EFBC}") = "ReadCCHSSAMID", "SAM\ReadCCHSSAMID\ReadCCHSSAMID.csproj", "{C1AA68CD-E1A3-44F0-B60C-ADAB4460F021}"
EndProject
Project("{FAE04EC0-301F-11D3-BF4B-00C04F79EFBC}") = "CCHSSAMLibraryCE", "WindowsCE\CCHSSAMLibraryCE\CCHSSAMLibraryCE.csproj", "{F60C36BA-0861-4668-8689-69C9172EC1D6}"
EndProject
Project("{FAE04EC0-301F-11D3-BF4B-00C04F79EFBC}") = "ReadCCHSSAMIDCE", "WindowsCE\ReadCCHSSAMIDCE\ReadCCHSSAMIDCE.csproj", "{34051DC9-AD25-432D-A3A2-7892BA0A3C67}"
EndProject
Project("{FAE04EC0-301F-11D3-BF4B-00C04F79EFBC}") = "TestFareProductSpec", "Tests\TestFareProductSpec\TestFareProductSpec.csproj", "{BD2471BD-8B97-4EC7-96E8-A262EBC38173}"
EndProject
Project("{2150E333-8FDC-42A3-9474-1A3956D46DE8}") = "Utils", "Utils", "{985A08B1-4F0A-48EE-AB34-B7688A576EC9}"
EndProject
Project("{8BC9CEB8-8B4A-11D0-8D11-00A0C91BC942}") = "MacAlgo", "Utils\MacAlgo\MacAlgo.vcproj", "{8E44BE8B-72AC-428F-B8F1-5190E83B41AC}"
EndProject
Project("{FAE04EC0-301F-11D3-BF4B-00C04F79EFBC}") = "TestMacAlgo", "Tests\TestMacAlo\TestMacAlgo.csproj", "{04FC4A9C-3671-415D-AAA9-B686A0F41758}"
EndProject
Project("{FAE04EC0-301F-11D3-BF4B-00C04F79EFBC}") = "HHDReaderAdapter", "HHDReaderAdapter\HHDReaderAdapter.csproj", "{643878F1-3B92-4C0A-9E3B-F8F84A26C89B}"
EndProject
Project("{FAE04EC0-301F-11D3-BF4B-00C04F79EFBC}") = "CSCReaderFunctions", "CSCReaderAdapter\CSCReaderFunctions.csproj", "{2F7B8911-380C-4C5F-B553-679B1B53BB4D}"
EndProject
Project("{FAE04EC0-301F-11D3-BF4B-00C04F79EFBC}") = "ThalesCSCReader", "ThalesCSCReader\ThalesCSCReader.csproj", "{42C9727B-211A-4A40-81C9-B482FBC276C9}"
EndProject
Project("{FAE04EC0-301F-11D3-BF4B-00C04F79EFBC}") = "SecurityMgr2", "SecurityMgr2\SecurityMgr2.csproj", "{32214833-43A7-4AE3-9881-C62C0B598556}"
EndProject
Project("{FAE04EC0-301F-11D3-BF4B-00C04F79EFBC}") = "SmartMedia", "SmartMedia\SmartMedia.csproj", "{7D58F338-376A-4436-A062-614D35297DA3}"
EndProject
Project("{2150E333-8FDC-42A3-9474-1A3956D46DE8}") = "TicketLayout", "TicketLayout", "{C212D48D-2F74-4622-BCC9-7B6D3E3B6D85}"
EndProject
Project("{FAE04EC0-301F-11D3-BF4B-00C04F79EFBC}") = "TicketPhyLayout", "TicketLayout\TicketPhyLayout\TicketPhyLayout.csproj", "{E0B64B30-2504-43E5-97C3-3D328C948EA7}"
EndProject
Project("{2150E333-8FDC-42A3-9474-1A3956D46DE8}") = "CISCairo", "CISCairo", "{362EFA85-5505-4D17-8C64-28702A151D96}"
EndProject
Project("{FAE04EC0-301F-11D3-BF4B-00C04F79EFBC}") = "TTMain", "CISCairo\TTMain\TTMain.csproj", "{159C3B56-3A43-41C2-93BD-F54A6245A9E8}"
EndProject
Project("{FAE04EC0-301F-11D3-BF4B-00C04F79EFBC}") = "Start", "CISCairo\Start\Start.csproj", "{3F1138DF-EC11-40E7-9B59-B9684EC535B2}"
EndProject
Project("{FAE04EC0-301F-11D3-BF4B-00C04F79EFBC}") = "TestCSCApiv3", "Tests\TestCSCApiv3\TestCSCApiv3.csproj", "{16EE7DC2-25F1-4A26-B391-6B10BA058142}"
EndProject
Project("{FAE04EC0-301F-11D3-BF4B-00C04F79EFBC}") = "CSCVirtualReader", "CSCVirtualReader\CSCVirtualReader.csproj", "{21D259C4-51B5-42B4-8E2C-B71A666EB16E}"
EndProject
Project("{FAE04EC0-301F-11D3-BF4B-00C04F79EFBC}") = "TestVirtualCSCReader", "Tests\TestVirtualCSCReader\TestVirtualCSCReader.csproj", "{95C9254D-2CC4-4A4E-A5EA-B1972A03CE4A}"
EndProject
Project("{FAE04EC0-301F-11D3-BF4B-00C04F79EFBC}") = "TTMain_Gate", "TTMain_Gate\TTMain_Gate.csproj", "{05B5339E-EC84-48A8-8D4C-0FE59F8C1F93}"
EndProject
Project("{FAE04EC0-301F-11D3-BF4B-00C04F79EFBC}") = "TestValidation", "TestValidation\TestValidation.csproj", "{2E776CC0-EEF5-428A-9178-6838E368B85E}"
EndProject
Project("{FAE04EC0-301F-11D3-BF4B-00C04F79EFBC}") = "GateUI", "GateUI\GateUI.csproj", "{42AF20B2-2279-4FBE-9C2C-6D8C143E5FE0}"
EndProject
Project("{2150E333-8FDC-42A3-9474-1A3956D46DE8}") = "Gate", "Gate", "{DEC40B35-3107-4806-88C6-0F6A0918A7E0}"
EndProject
Project("{8BC9CEB8-8B4A-11D0-8D11-00A0C91BC942}") = "TstV4Callbacks", "Tests\TstV4Callbacks\TstV4Callbacks.vcproj", "{30003FCC-29EC-4EEE-BBBE-9F9B04F999F3}"
EndProject
Project("{FAE04EC0-301F-11D3-BF4B-00C04F79EFBC}") = "TTMainCommon", "TTMainCommon\TTMainCommon.csproj", "{ABF3A5C8-FFE5-4895-A365-49667CD6B32C}"
EndProject
Project("{FAE04EC0-301F-11D3-BF4B-00C04F79EFBC}") = "TTMain_TVM", "TTMain_TVM\TTMain_TVM.csproj", "{41AFA457-B756-49A8-BA97-107BD7A75CF3}"
EndProject
Global
	GlobalSection(SolutionConfigurationPlatforms) = preSolution
		Debug|Any CPU = Debug|Any CPU
		Debug|Mixed Platforms = Debug|Mixed Platforms
		Debug|Win32 = Debug|Win32
		Debug|x86 = Debug|x86
		Release|Any CPU = Release|Any CPU
		Release|Mixed Platforms = Release|Mixed Platforms
		Release|Win32 = Release|Win32
		Release|x86 = Release|x86
	EndGlobalSection
	GlobalSection(ProjectConfigurationPlatforms) = postSolution
		{95928DBE-F4EA-450E-A01D-C292DEF9C447}.Debug|Any CPU.ActiveCfg = Debug|Any CPU
		{95928DBE-F4EA-450E-A01D-C292DEF9C447}.Debug|Any CPU.Build.0 = Debug|Any CPU
		{95928DBE-F4EA-450E-A01D-C292DEF9C447}.Debug|Mixed Platforms.ActiveCfg = Debug|x86
		{95928DBE-F4EA-450E-A01D-C292DEF9C447}.Debug|Mixed Platforms.Build.0 = Debug|x86
		{95928DBE-F4EA-450E-A01D-C292DEF9C447}.Debug|Win32.ActiveCfg = Debug|x86
		{95928DBE-F4EA-450E-A01D-C292DEF9C447}.Debug|x86.ActiveCfg = Debug|x86
		{95928DBE-F4EA-450E-A01D-C292DEF9C447}.Debug|x86.Build.0 = Debug|x86
		{95928DBE-F4EA-450E-A01D-C292DEF9C447}.Release|Any CPU.ActiveCfg = Release|Any CPU
		{95928DBE-F4EA-450E-A01D-C292DEF9C447}.Release|Any CPU.Build.0 = Release|Any CPU
		{95928DBE-F4EA-450E-A01D-C292DEF9C447}.Release|Mixed Platforms.ActiveCfg = Release|x86
		{95928DBE-F4EA-450E-A01D-C292DEF9C447}.Release|Mixed Platforms.Build.0 = Release|x86
		{95928DBE-F4EA-450E-A01D-C292DEF9C447}.Release|Win32.ActiveCfg = Release|Any CPU
		{95928DBE-F4EA-450E-A01D-C292DEF9C447}.Release|x86.ActiveCfg = Release|x86
		{95928DBE-F4EA-450E-A01D-C292DEF9C447}.Release|x86.Build.0 = Release|x86
		{6C8ECD60-4CA2-479A-9962-C3D739FA35AD}.Debug|Any CPU.ActiveCfg = Debug|Any CPU
		{6C8ECD60-4CA2-479A-9962-C3D739FA35AD}.Debug|Any CPU.Build.0 = Debug|Any CPU
		{6C8ECD60-4CA2-479A-9962-C3D739FA35AD}.Debug|Mixed Platforms.ActiveCfg = Debug|Any CPU
		{6C8ECD60-4CA2-479A-9962-C3D739FA35AD}.Debug|Mixed Platforms.Build.0 = Debug|Any CPU
		{6C8ECD60-4CA2-479A-9962-C3D739FA35AD}.Debug|Win32.ActiveCfg = Debug|Any CPU
		{6C8ECD60-4CA2-479A-9962-C3D739FA35AD}.Debug|x86.ActiveCfg = Debug|Any CPU
		{6C8ECD60-4CA2-479A-9962-C3D739FA35AD}.Debug|x86.Build.0 = Debug|Any CPU
		{6C8ECD60-4CA2-479A-9962-C3D739FA35AD}.Release|Any CPU.ActiveCfg = Release|Any CPU
		{6C8ECD60-4CA2-479A-9962-C3D739FA35AD}.Release|Any CPU.Build.0 = Release|Any CPU
		{6C8ECD60-4CA2-479A-9962-C3D739FA35AD}.Release|Mixed Platforms.ActiveCfg = Release|Any CPU
		{6C8ECD60-4CA2-479A-9962-C3D739FA35AD}.Release|Mixed Platforms.Build.0 = Release|Any CPU
		{6C8ECD60-4CA2-479A-9962-C3D739FA35AD}.Release|Win32.ActiveCfg = Release|Any CPU
		{6C8ECD60-4CA2-479A-9962-C3D739FA35AD}.Release|x86.ActiveCfg = Release|Any CPU
		{CF004D26-5AE5-47D9-B237-4054AAC4467E}.Debug|Any CPU.ActiveCfg = Debug|Any CPU
		{CF004D26-5AE5-47D9-B237-4054AAC4467E}.Debug|Any CPU.Build.0 = Debug|Any CPU
		{CF004D26-5AE5-47D9-B237-4054AAC4467E}.Debug|Mixed Platforms.ActiveCfg = Debug|Any CPU
		{CF004D26-5AE5-47D9-B237-4054AAC4467E}.Debug|Mixed Platforms.Build.0 = Debug|Any CPU
		{CF004D26-5AE5-47D9-B237-4054AAC4467E}.Debug|Win32.ActiveCfg = Debug|Any CPU
		{CF004D26-5AE5-47D9-B237-4054AAC4467E}.Debug|x86.ActiveCfg = Debug|Any CPU
		{CF004D26-5AE5-47D9-B237-4054AAC4467E}.Debug|x86.Build.0 = Debug|Any CPU
		{CF004D26-5AE5-47D9-B237-4054AAC4467E}.Release|Any CPU.ActiveCfg = Release|Any CPU
		{CF004D26-5AE5-47D9-B237-4054AAC4467E}.Release|Any CPU.Build.0 = Release|Any CPU
		{CF004D26-5AE5-47D9-B237-4054AAC4467E}.Release|Mixed Platforms.ActiveCfg = Release|Any CPU
		{CF004D26-5AE5-47D9-B237-4054AAC4467E}.Release|Mixed Platforms.Build.0 = Release|Any CPU
		{CF004D26-5AE5-47D9-B237-4054AAC4467E}.Release|Win32.ActiveCfg = Release|Any CPU
		{CF004D26-5AE5-47D9-B237-4054AAC4467E}.Release|x86.ActiveCfg = Release|Any CPU
		{676BCED4-EF06-4D30-AF3A-E69C1AB62490}.Debug|Any CPU.ActiveCfg = Debug|Any CPU
		{676BCED4-EF06-4D30-AF3A-E69C1AB62490}.Debug|Any CPU.Build.0 = Debug|Any CPU
		{676BCED4-EF06-4D30-AF3A-E69C1AB62490}.Debug|Mixed Platforms.ActiveCfg = Debug|Any CPU
		{676BCED4-EF06-4D30-AF3A-E69C1AB62490}.Debug|Mixed Platforms.Build.0 = Debug|Any CPU
		{676BCED4-EF06-4D30-AF3A-E69C1AB62490}.Debug|Win32.ActiveCfg = Debug|Any CPU
		{676BCED4-EF06-4D30-AF3A-E69C1AB62490}.Debug|x86.ActiveCfg = Debug|Any CPU
		{676BCED4-EF06-4D30-AF3A-E69C1AB62490}.Debug|x86.Build.0 = Debug|Any CPU
		{676BCED4-EF06-4D30-AF3A-E69C1AB62490}.Release|Any CPU.ActiveCfg = Release|Any CPU
		{676BCED4-EF06-4D30-AF3A-E69C1AB62490}.Release|Any CPU.Build.0 = Release|Any CPU
		{676BCED4-EF06-4D30-AF3A-E69C1AB62490}.Release|Mixed Platforms.ActiveCfg = Release|Any CPU
		{676BCED4-EF06-4D30-AF3A-E69C1AB62490}.Release|Mixed Platforms.Build.0 = Release|Any CPU
		{676BCED4-EF06-4D30-AF3A-E69C1AB62490}.Release|Win32.ActiveCfg = Release|Any CPU
		{676BCED4-EF06-4D30-AF3A-E69C1AB62490}.Release|x86.ActiveCfg = Release|Any CPU
		{F47E39D9-3A57-4D4B-B36C-002295FF5519}.Debug|Any CPU.ActiveCfg = Debug|Any CPU
		{F47E39D9-3A57-4D4B-B36C-002295FF5519}.Debug|Any CPU.Build.0 = Debug|Any CPU
		{F47E39D9-3A57-4D4B-B36C-002295FF5519}.Debug|Mixed Platforms.ActiveCfg = Debug|Any CPU
		{F47E39D9-3A57-4D4B-B36C-002295FF5519}.Debug|Mixed Platforms.Build.0 = Debug|Any CPU
		{F47E39D9-3A57-4D4B-B36C-002295FF5519}.Debug|Win32.ActiveCfg = Debug|Any CPU
		{F47E39D9-3A57-4D4B-B36C-002295FF5519}.Debug|x86.ActiveCfg = Debug|Any CPU
		{F47E39D9-3A57-4D4B-B36C-002295FF5519}.Debug|x86.Build.0 = Debug|Any CPU
		{F47E39D9-3A57-4D4B-B36C-002295FF5519}.Release|Any CPU.ActiveCfg = Release|Any CPU
		{F47E39D9-3A57-4D4B-B36C-002295FF5519}.Release|Any CPU.Build.0 = Release|Any CPU
		{F47E39D9-3A57-4D4B-B36C-002295FF5519}.Release|Mixed Platforms.ActiveCfg = Release|Any CPU
		{F47E39D9-3A57-4D4B-B36C-002295FF5519}.Release|Mixed Platforms.Build.0 = Release|Any CPU
		{F47E39D9-3A57-4D4B-B36C-002295FF5519}.Release|Win32.ActiveCfg = Release|Any CPU
		{F47E39D9-3A57-4D4B-B36C-002295FF5519}.Release|x86.ActiveCfg = Release|Any CPU
		{370CAFF0-9475-450A-8B03-2B6C3197BAA3}.Debug|Any CPU.ActiveCfg = Debug|Any CPU
		{370CAFF0-9475-450A-8B03-2B6C3197BAA3}.Debug|Any CPU.Build.0 = Debug|Any CPU
		{370CAFF0-9475-450A-8B03-2B6C3197BAA3}.Debug|Mixed Platforms.ActiveCfg = Debug|Any CPU
		{370CAFF0-9475-450A-8B03-2B6C3197BAA3}.Debug|Mixed Platforms.Build.0 = Debug|Any CPU
		{370CAFF0-9475-450A-8B03-2B6C3197BAA3}.Debug|Win32.ActiveCfg = Debug|Any CPU
		{370CAFF0-9475-450A-8B03-2B6C3197BAA3}.Debug|x86.ActiveCfg = Debug|Any CPU
		{370CAFF0-9475-450A-8B03-2B6C3197BAA3}.Debug|x86.Build.0 = Debug|Any CPU
		{370CAFF0-9475-450A-8B03-2B6C3197BAA3}.Release|Any CPU.ActiveCfg = Release|Any CPU
		{370CAFF0-9475-450A-8B03-2B6C3197BAA3}.Release|Any CPU.Build.0 = Release|Any CPU
		{370CAFF0-9475-450A-8B03-2B6C3197BAA3}.Release|Mixed Platforms.ActiveCfg = Release|Any CPU
		{370CAFF0-9475-450A-8B03-2B6C3197BAA3}.Release|Mixed Platforms.Build.0 = Release|Any CPU
		{370CAFF0-9475-450A-8B03-2B6C3197BAA3}.Release|Win32.ActiveCfg = Release|Any CPU
		{370CAFF0-9475-450A-8B03-2B6C3197BAA3}.Release|x86.ActiveCfg = Release|Any CPU
		{B68D9102-04B1-4122-B3F8-32BFA314B694}.Debug|Any CPU.ActiveCfg = Debug|Any CPU
		{B68D9102-04B1-4122-B3F8-32BFA314B694}.Debug|Any CPU.Build.0 = Debug|Any CPU
		{B68D9102-04B1-4122-B3F8-32BFA314B694}.Debug|Mixed Platforms.ActiveCfg = Debug|Any CPU
		{B68D9102-04B1-4122-B3F8-32BFA314B694}.Debug|Mixed Platforms.Build.0 = Debug|Any CPU
		{B68D9102-04B1-4122-B3F8-32BFA314B694}.Debug|Win32.ActiveCfg = Debug|Any CPU
		{B68D9102-04B1-4122-B3F8-32BFA314B694}.Debug|x86.ActiveCfg = Debug|Any CPU
		{B68D9102-04B1-4122-B3F8-32BFA314B694}.Debug|x86.Build.0 = Debug|Any CPU
		{B68D9102-04B1-4122-B3F8-32BFA314B694}.Release|Any CPU.ActiveCfg = Release|Any CPU
		{B68D9102-04B1-4122-B3F8-32BFA314B694}.Release|Any CPU.Build.0 = Release|Any CPU
		{B68D9102-04B1-4122-B3F8-32BFA314B694}.Release|Mixed Platforms.ActiveCfg = Release|Any CPU
		{B68D9102-04B1-4122-B3F8-32BFA314B694}.Release|Mixed Platforms.Build.0 = Release|Any CPU
		{B68D9102-04B1-4122-B3F8-32BFA314B694}.Release|Win32.ActiveCfg = Release|Any CPU
		{B68D9102-04B1-4122-B3F8-32BFA314B694}.Release|x86.ActiveCfg = Release|Any CPU
		{31193C90-AB4B-4416-8E89-1D8155B05A8E}.Debug|Any CPU.ActiveCfg = Debug|Any CPU
		{31193C90-AB4B-4416-8E89-1D8155B05A8E}.Debug|Any CPU.Build.0 = Debug|Any CPU
		{31193C90-AB4B-4416-8E89-1D8155B05A8E}.Debug|Mixed Platforms.ActiveCfg = Debug|Any CPU
		{31193C90-AB4B-4416-8E89-1D8155B05A8E}.Debug|Mixed Platforms.Build.0 = Debug|Any CPU
		{31193C90-AB4B-4416-8E89-1D8155B05A8E}.Debug|Win32.ActiveCfg = Debug|Any CPU
		{31193C90-AB4B-4416-8E89-1D8155B05A8E}.Debug|x86.ActiveCfg = Debug|Any CPU
		{31193C90-AB4B-4416-8E89-1D8155B05A8E}.Debug|x86.Build.0 = Debug|Any CPU
		{31193C90-AB4B-4416-8E89-1D8155B05A8E}.Release|Any CPU.ActiveCfg = Release|Any CPU
		{31193C90-AB4B-4416-8E89-1D8155B05A8E}.Release|Any CPU.Build.0 = Release|Any CPU
		{31193C90-AB4B-4416-8E89-1D8155B05A8E}.Release|Mixed Platforms.ActiveCfg = Release|Any CPU
		{31193C90-AB4B-4416-8E89-1D8155B05A8E}.Release|Mixed Platforms.Build.0 = Release|Any CPU
		{31193C90-AB4B-4416-8E89-1D8155B05A8E}.Release|Win32.ActiveCfg = Release|Any CPU
		{31193C90-AB4B-4416-8E89-1D8155B05A8E}.Release|x86.ActiveCfg = Release|Any CPU
		{CD865DB0-9C54-4E66-AA47-1CFC75E30075}.Debug|Any CPU.ActiveCfg = Debug|Any CPU
		{CD865DB0-9C54-4E66-AA47-1CFC75E30075}.Debug|Any CPU.Build.0 = Debug|Any CPU
		{CD865DB0-9C54-4E66-AA47-1CFC75E30075}.Debug|Mixed Platforms.ActiveCfg = Debug|Any CPU
		{CD865DB0-9C54-4E66-AA47-1CFC75E30075}.Debug|Mixed Platforms.Build.0 = Debug|Any CPU
		{CD865DB0-9C54-4E66-AA47-1CFC75E30075}.Debug|Win32.ActiveCfg = Debug|Any CPU
		{CD865DB0-9C54-4E66-AA47-1CFC75E30075}.Debug|x86.ActiveCfg = Debug|Any CPU
		{CD865DB0-9C54-4E66-AA47-1CFC75E30075}.Debug|x86.Build.0 = Debug|Any CPU
		{CD865DB0-9C54-4E66-AA47-1CFC75E30075}.Release|Any CPU.ActiveCfg = Release|Any CPU
		{CD865DB0-9C54-4E66-AA47-1CFC75E30075}.Release|Any CPU.Build.0 = Release|Any CPU
		{CD865DB0-9C54-4E66-AA47-1CFC75E30075}.Release|Mixed Platforms.ActiveCfg = Release|Any CPU
		{CD865DB0-9C54-4E66-AA47-1CFC75E30075}.Release|Mixed Platforms.Build.0 = Release|Any CPU
		{CD865DB0-9C54-4E66-AA47-1CFC75E30075}.Release|Win32.ActiveCfg = Release|Any CPU
		{CD865DB0-9C54-4E66-AA47-1CFC75E30075}.Release|x86.ActiveCfg = Release|Any CPU
		{CF04AF73-FE38-45D6-9793-662D30182B6C}.Debug|Any CPU.ActiveCfg = Debug|Any CPU
		{CF04AF73-FE38-45D6-9793-662D30182B6C}.Debug|Any CPU.Build.0 = Debug|Any CPU
		{CF04AF73-FE38-45D6-9793-662D30182B6C}.Debug|Mixed Platforms.ActiveCfg = Debug|Any CPU
		{CF04AF73-FE38-45D6-9793-662D30182B6C}.Debug|Mixed Platforms.Build.0 = Debug|Any CPU
		{CF04AF73-FE38-45D6-9793-662D30182B6C}.Debug|Win32.ActiveCfg = Debug|Any CPU
		{CF04AF73-FE38-45D6-9793-662D30182B6C}.Debug|x86.ActiveCfg = Debug|Any CPU
		{CF04AF73-FE38-45D6-9793-662D30182B6C}.Debug|x86.Build.0 = Debug|Any CPU
		{CF04AF73-FE38-45D6-9793-662D30182B6C}.Release|Any CPU.ActiveCfg = Release|Any CPU
		{CF04AF73-FE38-45D6-9793-662D30182B6C}.Release|Any CPU.Build.0 = Release|Any CPU
		{CF04AF73-FE38-45D6-9793-662D30182B6C}.Release|Mixed Platforms.ActiveCfg = Release|Any CPU
		{CF04AF73-FE38-45D6-9793-662D30182B6C}.Release|Mixed Platforms.Build.0 = Release|Any CPU
		{CF04AF73-FE38-45D6-9793-662D30182B6C}.Release|Win32.ActiveCfg = Release|Any CPU
		{CF04AF73-FE38-45D6-9793-662D30182B6C}.Release|x86.ActiveCfg = Release|Any CPU
		{83FEF915-616E-4BD3-94EE-CB4A1F61134B}.Debug|Any CPU.ActiveCfg = Debug|Any CPU
		{83FEF915-616E-4BD3-94EE-CB4A1F61134B}.Debug|Any CPU.Build.0 = Debug|Any CPU
		{83FEF915-616E-4BD3-94EE-CB4A1F61134B}.Debug|Mixed Platforms.ActiveCfg = Debug|Any CPU
		{83FEF915-616E-4BD3-94EE-CB4A1F61134B}.Debug|Mixed Platforms.Build.0 = Debug|Any CPU
		{83FEF915-616E-4BD3-94EE-CB4A1F61134B}.Debug|Win32.ActiveCfg = Debug|Any CPU
		{83FEF915-616E-4BD3-94EE-CB4A1F61134B}.Debug|x86.ActiveCfg = Debug|x86
		{83FEF915-616E-4BD3-94EE-CB4A1F61134B}.Debug|x86.Build.0 = Debug|x86
		{83FEF915-616E-4BD3-94EE-CB4A1F61134B}.Release|Any CPU.ActiveCfg = Release|Any CPU
		{83FEF915-616E-4BD3-94EE-CB4A1F61134B}.Release|Any CPU.Build.0 = Release|Any CPU
		{83FEF915-616E-4BD3-94EE-CB4A1F61134B}.Release|Mixed Platforms.ActiveCfg = Release|Any CPU
		{83FEF915-616E-4BD3-94EE-CB4A1F61134B}.Release|Mixed Platforms.Build.0 = Release|Any CPU
		{83FEF915-616E-4BD3-94EE-CB4A1F61134B}.Release|Win32.ActiveCfg = Release|Any CPU
		{83FEF915-616E-4BD3-94EE-CB4A1F61134B}.Release|x86.ActiveCfg = Release|x86
		{83FEF915-616E-4BD3-94EE-CB4A1F61134B}.Release|x86.Build.0 = Release|x86
		{D3D88159-0B54-44F1-8456-495D57CA8180}.Debug|Any CPU.ActiveCfg = Debug|Any CPU
		{D3D88159-0B54-44F1-8456-495D57CA8180}.Debug|Any CPU.Build.0 = Debug|Any CPU
		{D3D88159-0B54-44F1-8456-495D57CA8180}.Debug|Mixed Platforms.ActiveCfg = Debug|Any CPU
		{D3D88159-0B54-44F1-8456-495D57CA8180}.Debug|Mixed Platforms.Build.0 = Debug|Any CPU
		{D3D88159-0B54-44F1-8456-495D57CA8180}.Debug|Win32.ActiveCfg = Debug|Any CPU
		{D3D88159-0B54-44F1-8456-495D57CA8180}.Debug|x86.ActiveCfg = Debug|Any CPU
		{D3D88159-0B54-44F1-8456-495D57CA8180}.Debug|x86.Build.0 = Debug|Any CPU
		{D3D88159-0B54-44F1-8456-495D57CA8180}.Release|Any CPU.ActiveCfg = Release|Any CPU
		{D3D88159-0B54-44F1-8456-495D57CA8180}.Release|Any CPU.Build.0 = Release|Any CPU
		{D3D88159-0B54-44F1-8456-495D57CA8180}.Release|Mixed Platforms.ActiveCfg = Release|Any CPU
		{D3D88159-0B54-44F1-8456-495D57CA8180}.Release|Mixed Platforms.Build.0 = Release|Any CPU
		{D3D88159-0B54-44F1-8456-495D57CA8180}.Release|Win32.ActiveCfg = Release|Any CPU
		{D3D88159-0B54-44F1-8456-495D57CA8180}.Release|x86.ActiveCfg = Release|Any CPU
		{7E202DED-A1AE-4FD4-B2C5-30C28EA091D7}.Debug|Any CPU.ActiveCfg = Debug|Any CPU
		{7E202DED-A1AE-4FD4-B2C5-30C28EA091D7}.Debug|Any CPU.Build.0 = Debug|Any CPU
		{7E202DED-A1AE-4FD4-B2C5-30C28EA091D7}.Debug|Mixed Platforms.ActiveCfg = Debug|Any CPU
		{7E202DED-A1AE-4FD4-B2C5-30C28EA091D7}.Debug|Mixed Platforms.Build.0 = Debug|Any CPU
		{7E202DED-A1AE-4FD4-B2C5-30C28EA091D7}.Debug|Win32.ActiveCfg = Debug|Any CPU
		{7E202DED-A1AE-4FD4-B2C5-30C28EA091D7}.Debug|x86.ActiveCfg = Debug|Any CPU
		{7E202DED-A1AE-4FD4-B2C5-30C28EA091D7}.Debug|x86.Build.0 = Debug|Any CPU
		{7E202DED-A1AE-4FD4-B2C5-30C28EA091D7}.Release|Any CPU.ActiveCfg = Release|Any CPU
		{7E202DED-A1AE-4FD4-B2C5-30C28EA091D7}.Release|Any CPU.Build.0 = Release|Any CPU
		{7E202DED-A1AE-4FD4-B2C5-30C28EA091D7}.Release|Mixed Platforms.ActiveCfg = Release|Any CPU
		{7E202DED-A1AE-4FD4-B2C5-30C28EA091D7}.Release|Mixed Platforms.Build.0 = Release|Any CPU
		{7E202DED-A1AE-4FD4-B2C5-30C28EA091D7}.Release|Win32.ActiveCfg = Release|Any CPU
		{7E202DED-A1AE-4FD4-B2C5-30C28EA091D7}.Release|x86.ActiveCfg = Release|Any CPU
		{95EEFDC7-2884-4C8F-A715-D64F3B4A190A}.Debug|Any CPU.ActiveCfg = Debug|Any CPU
		{95EEFDC7-2884-4C8F-A715-D64F3B4A190A}.Debug|Any CPU.Build.0 = Debug|Any CPU
		{95EEFDC7-2884-4C8F-A715-D64F3B4A190A}.Debug|Mixed Platforms.ActiveCfg = Debug|Any CPU
		{95EEFDC7-2884-4C8F-A715-D64F3B4A190A}.Debug|Mixed Platforms.Build.0 = Debug|Any CPU
		{95EEFDC7-2884-4C8F-A715-D64F3B4A190A}.Debug|Win32.ActiveCfg = Debug|Any CPU
		{95EEFDC7-2884-4C8F-A715-D64F3B4A190A}.Debug|x86.ActiveCfg = Debug|Any CPU
		{95EEFDC7-2884-4C8F-A715-D64F3B4A190A}.Debug|x86.Build.0 = Debug|Any CPU
		{95EEFDC7-2884-4C8F-A715-D64F3B4A190A}.Release|Any CPU.ActiveCfg = Release|Any CPU
		{95EEFDC7-2884-4C8F-A715-D64F3B4A190A}.Release|Any CPU.Build.0 = Release|Any CPU
		{95EEFDC7-2884-4C8F-A715-D64F3B4A190A}.Release|Mixed Platforms.ActiveCfg = Release|Any CPU
		{95EEFDC7-2884-4C8F-A715-D64F3B4A190A}.Release|Mixed Platforms.Build.0 = Release|Any CPU
		{95EEFDC7-2884-4C8F-A715-D64F3B4A190A}.Release|Win32.ActiveCfg = Release|Any CPU
		{95EEFDC7-2884-4C8F-A715-D64F3B4A190A}.Release|x86.ActiveCfg = Release|Any CPU
		{9EAEDF61-6A41-4ACD-A3A5-2A5DEA191AE3}.Debug|Any CPU.ActiveCfg = Debug|Any CPU
		{9EAEDF61-6A41-4ACD-A3A5-2A5DEA191AE3}.Debug|Any CPU.Build.0 = Debug|Any CPU
		{9EAEDF61-6A41-4ACD-A3A5-2A5DEA191AE3}.Debug|Mixed Platforms.ActiveCfg = Debug|Any CPU
		{9EAEDF61-6A41-4ACD-A3A5-2A5DEA191AE3}.Debug|Mixed Platforms.Build.0 = Debug|Any CPU
		{9EAEDF61-6A41-4ACD-A3A5-2A5DEA191AE3}.Debug|Win32.ActiveCfg = Debug|Any CPU
		{9EAEDF61-6A41-4ACD-A3A5-2A5DEA191AE3}.Debug|x86.ActiveCfg = Debug|Any CPU
		{9EAEDF61-6A41-4ACD-A3A5-2A5DEA191AE3}.Debug|x86.Build.0 = Debug|Any CPU
		{9EAEDF61-6A41-4ACD-A3A5-2A5DEA191AE3}.Release|Any CPU.ActiveCfg = Release|Any CPU
		{9EAEDF61-6A41-4ACD-A3A5-2A5DEA191AE3}.Release|Any CPU.Build.0 = Release|Any CPU
		{9EAEDF61-6A41-4ACD-A3A5-2A5DEA191AE3}.Release|Mixed Platforms.ActiveCfg = Release|Any CPU
		{9EAEDF61-6A41-4ACD-A3A5-2A5DEA191AE3}.Release|Mixed Platforms.Build.0 = Release|Any CPU
		{9EAEDF61-6A41-4ACD-A3A5-2A5DEA191AE3}.Release|Win32.ActiveCfg = Release|Any CPU
		{9EAEDF61-6A41-4ACD-A3A5-2A5DEA191AE3}.Release|x86.ActiveCfg = Release|Any CPU
		{8B30E35E-8850-4A16-9160-D7DA2E5A54B5}.Debug|Any CPU.ActiveCfg = Debug|Any CPU
		{8B30E35E-8850-4A16-9160-D7DA2E5A54B5}.Debug|Any CPU.Build.0 = Debug|Any CPU
		{8B30E35E-8850-4A16-9160-D7DA2E5A54B5}.Debug|Mixed Platforms.ActiveCfg = Debug|Any CPU
		{8B30E35E-8850-4A16-9160-D7DA2E5A54B5}.Debug|Mixed Platforms.Build.0 = Debug|Any CPU
		{8B30E35E-8850-4A16-9160-D7DA2E5A54B5}.Debug|Win32.ActiveCfg = Debug|Any CPU
		{8B30E35E-8850-4A16-9160-D7DA2E5A54B5}.Debug|x86.ActiveCfg = Debug|Any CPU
		{8B30E35E-8850-4A16-9160-D7DA2E5A54B5}.Debug|x86.Build.0 = Debug|Any CPU
		{8B30E35E-8850-4A16-9160-D7DA2E5A54B5}.Release|Any CPU.ActiveCfg = Release|Any CPU
		{8B30E35E-8850-4A16-9160-D7DA2E5A54B5}.Release|Any CPU.Build.0 = Release|Any CPU
		{8B30E35E-8850-4A16-9160-D7DA2E5A54B5}.Release|Mixed Platforms.ActiveCfg = Release|Any CPU
		{8B30E35E-8850-4A16-9160-D7DA2E5A54B5}.Release|Mixed Platforms.Build.0 = Release|Any CPU
		{8B30E35E-8850-4A16-9160-D7DA2E5A54B5}.Release|Win32.ActiveCfg = Release|Any CPU
		{8B30E35E-8850-4A16-9160-D7DA2E5A54B5}.Release|x86.ActiveCfg = Release|Any CPU
		{57E7EA11-EAFF-40B8-9947-89DE339CB966}.Debug|Any CPU.ActiveCfg = Debug|Any CPU
		{57E7EA11-EAFF-40B8-9947-89DE339CB966}.Debug|Any CPU.Build.0 = Debug|Any CPU
		{57E7EA11-EAFF-40B8-9947-89DE339CB966}.Debug|Mixed Platforms.ActiveCfg = Debug|Any CPU
		{57E7EA11-EAFF-40B8-9947-89DE339CB966}.Debug|Mixed Platforms.Build.0 = Debug|Any CPU
		{57E7EA11-EAFF-40B8-9947-89DE339CB966}.Debug|Win32.ActiveCfg = Debug|Any CPU
		{57E7EA11-EAFF-40B8-9947-89DE339CB966}.Debug|x86.ActiveCfg = Debug|Any CPU
		{57E7EA11-EAFF-40B8-9947-89DE339CB966}.Debug|x86.Build.0 = Debug|Any CPU
		{57E7EA11-EAFF-40B8-9947-89DE339CB966}.Release|Any CPU.ActiveCfg = Release|Any CPU
		{57E7EA11-EAFF-40B8-9947-89DE339CB966}.Release|Any CPU.Build.0 = Release|Any CPU
		{57E7EA11-EAFF-40B8-9947-89DE339CB966}.Release|Mixed Platforms.ActiveCfg = Release|Any CPU
		{57E7EA11-EAFF-40B8-9947-89DE339CB966}.Release|Mixed Platforms.Build.0 = Release|Any CPU
		{57E7EA11-EAFF-40B8-9947-89DE339CB966}.Release|Win32.ActiveCfg = Release|Any CPU
		{57E7EA11-EAFF-40B8-9947-89DE339CB966}.Release|x86.ActiveCfg = Release|Any CPU
		{14E17A58-BF38-42E9-A383-847BFA75C30B}.Debug|Any CPU.ActiveCfg = Debug|Any CPU
		{14E17A58-BF38-42E9-A383-847BFA75C30B}.Debug|Any CPU.Build.0 = Debug|Any CPU
		{14E17A58-BF38-42E9-A383-847BFA75C30B}.Debug|Any CPU.Deploy.0 = Debug|Any CPU
		{14E17A58-BF38-42E9-A383-847BFA75C30B}.Debug|Mixed Platforms.ActiveCfg = Debug|Any CPU
		{14E17A58-BF38-42E9-A383-847BFA75C30B}.Debug|Mixed Platforms.Build.0 = Debug|Any CPU
		{14E17A58-BF38-42E9-A383-847BFA75C30B}.Debug|Mixed Platforms.Deploy.0 = Debug|Any CPU
		{14E17A58-BF38-42E9-A383-847BFA75C30B}.Debug|Win32.ActiveCfg = Debug|Any CPU
		{14E17A58-BF38-42E9-A383-847BFA75C30B}.Debug|x86.ActiveCfg = Debug|Any CPU
		{14E17A58-BF38-42E9-A383-847BFA75C30B}.Debug|x86.Build.0 = Debug|Any CPU
		{14E17A58-BF38-42E9-A383-847BFA75C30B}.Release|Any CPU.ActiveCfg = Release|Any CPU
		{14E17A58-BF38-42E9-A383-847BFA75C30B}.Release|Any CPU.Build.0 = Release|Any CPU
		{14E17A58-BF38-42E9-A383-847BFA75C30B}.Release|Any CPU.Deploy.0 = Release|Any CPU
		{14E17A58-BF38-42E9-A383-847BFA75C30B}.Release|Mixed Platforms.ActiveCfg = Release|Any CPU
		{14E17A58-BF38-42E9-A383-847BFA75C30B}.Release|Mixed Platforms.Build.0 = Release|Any CPU
		{14E17A58-BF38-42E9-A383-847BFA75C30B}.Release|Mixed Platforms.Deploy.0 = Release|Any CPU
		{14E17A58-BF38-42E9-A383-847BFA75C30B}.Release|Win32.ActiveCfg = Release|Any CPU
		{14E17A58-BF38-42E9-A383-847BFA75C30B}.Release|x86.ActiveCfg = Release|Any CPU
		{1BD5D95F-7F3A-4F3B-8189-9A256D4CDDD4}.Debug|Any CPU.ActiveCfg = Debug|Any CPU
		{1BD5D95F-7F3A-4F3B-8189-9A256D4CDDD4}.Debug|Any CPU.Build.0 = Debug|Any CPU
		{1BD5D95F-7F3A-4F3B-8189-9A256D4CDDD4}.Debug|Mixed Platforms.ActiveCfg = Debug|Any CPU
		{1BD5D95F-7F3A-4F3B-8189-9A256D4CDDD4}.Debug|Mixed Platforms.Build.0 = Debug|Any CPU
		{1BD5D95F-7F3A-4F3B-8189-9A256D4CDDD4}.Debug|Win32.ActiveCfg = Debug|Any CPU
		{1BD5D95F-7F3A-4F3B-8189-9A256D4CDDD4}.Debug|x86.ActiveCfg = Debug|Any CPU
		{1BD5D95F-7F3A-4F3B-8189-9A256D4CDDD4}.Debug|x86.Build.0 = Debug|Any CPU
		{1BD5D95F-7F3A-4F3B-8189-9A256D4CDDD4}.Release|Any CPU.ActiveCfg = Release|Any CPU
		{1BD5D95F-7F3A-4F3B-8189-9A256D4CDDD4}.Release|Any CPU.Build.0 = Release|Any CPU
		{1BD5D95F-7F3A-4F3B-8189-9A256D4CDDD4}.Release|Mixed Platforms.ActiveCfg = Release|Any CPU
		{1BD5D95F-7F3A-4F3B-8189-9A256D4CDDD4}.Release|Mixed Platforms.Build.0 = Release|Any CPU
		{1BD5D95F-7F3A-4F3B-8189-9A256D4CDDD4}.Release|Win32.ActiveCfg = Release|Any CPU
		{1BD5D95F-7F3A-4F3B-8189-9A256D4CDDD4}.Release|x86.ActiveCfg = Release|Any CPU
		{DEE8E0C5-6D66-4B5F-A413-991D613D0707}.Debug|Any CPU.ActiveCfg = Debug|Any CPU
		{DEE8E0C5-6D66-4B5F-A413-991D613D0707}.Debug|Any CPU.Build.0 = Debug|Any CPU
		{DEE8E0C5-6D66-4B5F-A413-991D613D0707}.Debug|Mixed Platforms.ActiveCfg = Debug|Any CPU
		{DEE8E0C5-6D66-4B5F-A413-991D613D0707}.Debug|Mixed Platforms.Build.0 = Debug|Any CPU
		{DEE8E0C5-6D66-4B5F-A413-991D613D0707}.Debug|Win32.ActiveCfg = Debug|Any CPU
		{DEE8E0C5-6D66-4B5F-A413-991D613D0707}.Debug|x86.ActiveCfg = Debug|Any CPU
		{DEE8E0C5-6D66-4B5F-A413-991D613D0707}.Debug|x86.Build.0 = Debug|Any CPU
		{DEE8E0C5-6D66-4B5F-A413-991D613D0707}.Release|Any CPU.ActiveCfg = Release|Any CPU
		{DEE8E0C5-6D66-4B5F-A413-991D613D0707}.Release|Any CPU.Build.0 = Release|Any CPU
		{DEE8E0C5-6D66-4B5F-A413-991D613D0707}.Release|Mixed Platforms.ActiveCfg = Release|Any CPU
		{DEE8E0C5-6D66-4B5F-A413-991D613D0707}.Release|Mixed Platforms.Build.0 = Release|Any CPU
		{DEE8E0C5-6D66-4B5F-A413-991D613D0707}.Release|Win32.ActiveCfg = Release|Any CPU
		{DEE8E0C5-6D66-4B5F-A413-991D613D0707}.Release|x86.ActiveCfg = Release|Any CPU
		{B3F811E5-96D3-4274-93EC-14DA1C660F83}.Debug|Any CPU.ActiveCfg = Debug|Any CPU
		{B3F811E5-96D3-4274-93EC-14DA1C660F83}.Debug|Any CPU.Build.0 = Debug|Any CPU
		{B3F811E5-96D3-4274-93EC-14DA1C660F83}.Debug|Mixed Platforms.ActiveCfg = Debug|Any CPU
		{B3F811E5-96D3-4274-93EC-14DA1C660F83}.Debug|Mixed Platforms.Build.0 = Debug|Any CPU
		{B3F811E5-96D3-4274-93EC-14DA1C660F83}.Debug|Win32.ActiveCfg = Debug|Any CPU
		{B3F811E5-96D3-4274-93EC-14DA1C660F83}.Debug|x86.ActiveCfg = Debug|Any CPU
		{B3F811E5-96D3-4274-93EC-14DA1C660F83}.Debug|x86.Build.0 = Debug|Any CPU
		{B3F811E5-96D3-4274-93EC-14DA1C660F83}.Release|Any CPU.ActiveCfg = Release|Any CPU
		{B3F811E5-96D3-4274-93EC-14DA1C660F83}.Release|Any CPU.Build.0 = Release|Any CPU
		{B3F811E5-96D3-4274-93EC-14DA1C660F83}.Release|Mixed Platforms.ActiveCfg = Release|Any CPU
		{B3F811E5-96D3-4274-93EC-14DA1C660F83}.Release|Mixed Platforms.Build.0 = Release|Any CPU
		{B3F811E5-96D3-4274-93EC-14DA1C660F83}.Release|Win32.ActiveCfg = Release|Any CPU
		{B3F811E5-96D3-4274-93EC-14DA1C660F83}.Release|x86.ActiveCfg = Release|Any CPU
		{CA53D507-EEF8-4838-BA99-591EAF0311B6}.Debug|Any CPU.ActiveCfg = Debug|Any CPU
		{CA53D507-EEF8-4838-BA99-591EAF0311B6}.Debug|Any CPU.Build.0 = Debug|Any CPU
		{CA53D507-EEF8-4838-BA99-591EAF0311B6}.Debug|Mixed Platforms.ActiveCfg = Debug|Any CPU
		{CA53D507-EEF8-4838-BA99-591EAF0311B6}.Debug|Mixed Platforms.Build.0 = Debug|Any CPU
		{CA53D507-EEF8-4838-BA99-591EAF0311B6}.Debug|Win32.ActiveCfg = Debug|Any CPU
		{CA53D507-EEF8-4838-BA99-591EAF0311B6}.Debug|x86.ActiveCfg = Debug|Any CPU
		{CA53D507-EEF8-4838-BA99-591EAF0311B6}.Debug|x86.Build.0 = Debug|Any CPU
		{CA53D507-EEF8-4838-BA99-591EAF0311B6}.Release|Any CPU.ActiveCfg = Release|Any CPU
		{CA53D507-EEF8-4838-BA99-591EAF0311B6}.Release|Any CPU.Build.0 = Release|Any CPU
		{CA53D507-EEF8-4838-BA99-591EAF0311B6}.Release|Mixed Platforms.ActiveCfg = Release|Any CPU
		{CA53D507-EEF8-4838-BA99-591EAF0311B6}.Release|Mixed Platforms.Build.0 = Release|Any CPU
		{CA53D507-EEF8-4838-BA99-591EAF0311B6}.Release|Win32.ActiveCfg = Release|Any CPU
		{CA53D507-EEF8-4838-BA99-591EAF0311B6}.Release|x86.ActiveCfg = Release|Any CPU
		{09045512-2992-43FA-935D-6D4CB2B83288}.Debug|Any CPU.ActiveCfg = Debug|Any CPU
		{09045512-2992-43FA-935D-6D4CB2B83288}.Debug|Any CPU.Build.0 = Debug|Any CPU
		{09045512-2992-43FA-935D-6D4CB2B83288}.Debug|Mixed Platforms.ActiveCfg = Debug|Any CPU
		{09045512-2992-43FA-935D-6D4CB2B83288}.Debug|Mixed Platforms.Build.0 = Debug|Any CPU
		{09045512-2992-43FA-935D-6D4CB2B83288}.Debug|Win32.ActiveCfg = Debug|Any CPU
		{09045512-2992-43FA-935D-6D4CB2B83288}.Debug|x86.ActiveCfg = Debug|Any CPU
		{09045512-2992-43FA-935D-6D4CB2B83288}.Debug|x86.Build.0 = Debug|Any CPU
		{09045512-2992-43FA-935D-6D4CB2B83288}.Release|Any CPU.ActiveCfg = Release|Any CPU
		{09045512-2992-43FA-935D-6D4CB2B83288}.Release|Any CPU.Build.0 = Release|Any CPU
		{09045512-2992-43FA-935D-6D4CB2B83288}.Release|Mixed Platforms.ActiveCfg = Release|Any CPU
		{09045512-2992-43FA-935D-6D4CB2B83288}.Release|Mixed Platforms.Build.0 = Release|Any CPU
		{09045512-2992-43FA-935D-6D4CB2B83288}.Release|Win32.ActiveCfg = Release|Any CPU
		{09045512-2992-43FA-935D-6D4CB2B83288}.Release|x86.ActiveCfg = Release|Any CPU
		{9C932167-FAB2-4AF4-9694-96208F5F8F43}.Debug|Any CPU.ActiveCfg = Debug|Any CPU
		{9C932167-FAB2-4AF4-9694-96208F5F8F43}.Debug|Any CPU.Build.0 = Debug|Any CPU
		{9C932167-FAB2-4AF4-9694-96208F5F8F43}.Debug|Mixed Platforms.ActiveCfg = Debug|Any CPU
		{9C932167-FAB2-4AF4-9694-96208F5F8F43}.Debug|Mixed Platforms.Build.0 = Debug|Any CPU
		{9C932167-FAB2-4AF4-9694-96208F5F8F43}.Debug|Win32.ActiveCfg = Debug|Any CPU
		{9C932167-FAB2-4AF4-9694-96208F5F8F43}.Debug|x86.ActiveCfg = Debug|Any CPU
		{9C932167-FAB2-4AF4-9694-96208F5F8F43}.Debug|x86.Build.0 = Debug|Any CPU
		{9C932167-FAB2-4AF4-9694-96208F5F8F43}.Release|Any CPU.ActiveCfg = Release|Any CPU
		{9C932167-FAB2-4AF4-9694-96208F5F8F43}.Release|Any CPU.Build.0 = Release|Any CPU
		{9C932167-FAB2-4AF4-9694-96208F5F8F43}.Release|Mixed Platforms.ActiveCfg = Release|Any CPU
		{9C932167-FAB2-4AF4-9694-96208F5F8F43}.Release|Mixed Platforms.Build.0 = Release|Any CPU
		{9C932167-FAB2-4AF4-9694-96208F5F8F43}.Release|Win32.ActiveCfg = Release|Any CPU
		{9C932167-FAB2-4AF4-9694-96208F5F8F43}.Release|x86.ActiveCfg = Release|Any CPU
		{41C6D497-55C4-4867-BDEA-684934559676}.Debug|Any CPU.ActiveCfg = Debug|Any CPU
		{41C6D497-55C4-4867-BDEA-684934559676}.Debug|Any CPU.Build.0 = Debug|Any CPU
		{41C6D497-55C4-4867-BDEA-684934559676}.Debug|Mixed Platforms.ActiveCfg = Debug|Any CPU
		{41C6D497-55C4-4867-BDEA-684934559676}.Debug|Mixed Platforms.Build.0 = Debug|Any CPU
		{41C6D497-55C4-4867-BDEA-684934559676}.Debug|Win32.ActiveCfg = Debug|Any CPU
		{41C6D497-55C4-4867-BDEA-684934559676}.Debug|x86.ActiveCfg = Debug|Any CPU
		{41C6D497-55C4-4867-BDEA-684934559676}.Debug|x86.Build.0 = Debug|Any CPU
		{41C6D497-55C4-4867-BDEA-684934559676}.Release|Any CPU.ActiveCfg = Release|Any CPU
		{41C6D497-55C4-4867-BDEA-684934559676}.Release|Any CPU.Build.0 = Release|Any CPU
		{41C6D497-55C4-4867-BDEA-684934559676}.Release|Mixed Platforms.ActiveCfg = Release|Any CPU
		{41C6D497-55C4-4867-BDEA-684934559676}.Release|Mixed Platforms.Build.0 = Release|Any CPU
		{41C6D497-55C4-4867-BDEA-684934559676}.Release|Win32.ActiveCfg = Release|Any CPU
		{41C6D497-55C4-4867-BDEA-684934559676}.Release|x86.ActiveCfg = Release|Any CPU
		{F81C99DE-39E2-4C90-AF01-E11C2D13DACC}.Debug|Any CPU.ActiveCfg = Debug|Win32
		{F81C99DE-39E2-4C90-AF01-E11C2D13DACC}.Debug|Mixed Platforms.ActiveCfg = Debug|Win32
		{F81C99DE-39E2-4C90-AF01-E11C2D13DACC}.Debug|Mixed Platforms.Build.0 = Debug|Win32
		{F81C99DE-39E2-4C90-AF01-E11C2D13DACC}.Debug|Win32.ActiveCfg = Debug|Win32
		{F81C99DE-39E2-4C90-AF01-E11C2D13DACC}.Debug|Win32.Build.0 = Debug|Win32
		{F81C99DE-39E2-4C90-AF01-E11C2D13DACC}.Debug|x86.ActiveCfg = Debug|Win32
		{F81C99DE-39E2-4C90-AF01-E11C2D13DACC}.Debug|x86.Build.0 = Debug|Win32
		{F81C99DE-39E2-4C90-AF01-E11C2D13DACC}.Release|Any CPU.ActiveCfg = Release|Win32
		{F81C99DE-39E2-4C90-AF01-E11C2D13DACC}.Release|Mixed Platforms.ActiveCfg = Release|Win32
		{F81C99DE-39E2-4C90-AF01-E11C2D13DACC}.Release|Mixed Platforms.Build.0 = Release|Win32
		{F81C99DE-39E2-4C90-AF01-E11C2D13DACC}.Release|Win32.ActiveCfg = Release|Win32
		{F81C99DE-39E2-4C90-AF01-E11C2D13DACC}.Release|Win32.Build.0 = Release|Win32
		{F81C99DE-39E2-4C90-AF01-E11C2D13DACC}.Release|x86.ActiveCfg = Release|Win32
		{C93795EE-5396-4EFD-9112-950802C34CF6}.Debug|Any CPU.ActiveCfg = Debug|Any CPU
		{C93795EE-5396-4EFD-9112-950802C34CF6}.Debug|Any CPU.Build.0 = Debug|Any CPU
		{C93795EE-5396-4EFD-9112-950802C34CF6}.Debug|Mixed Platforms.ActiveCfg = Debug|Any CPU
		{C93795EE-5396-4EFD-9112-950802C34CF6}.Debug|Mixed Platforms.Build.0 = Debug|Any CPU
		{C93795EE-5396-4EFD-9112-950802C34CF6}.Debug|Win32.ActiveCfg = Debug|Any CPU
		{C93795EE-5396-4EFD-9112-950802C34CF6}.Debug|x86.ActiveCfg = Debug|Any CPU
		{C93795EE-5396-4EFD-9112-950802C34CF6}.Debug|x86.Build.0 = Debug|Any CPU
		{C93795EE-5396-4EFD-9112-950802C34CF6}.Release|Any CPU.ActiveCfg = Release|Any CPU
		{C93795EE-5396-4EFD-9112-950802C34CF6}.Release|Any CPU.Build.0 = Release|Any CPU
		{C93795EE-5396-4EFD-9112-950802C34CF6}.Release|Mixed Platforms.ActiveCfg = Release|Any CPU
		{C93795EE-5396-4EFD-9112-950802C34CF6}.Release|Mixed Platforms.Build.0 = Release|Any CPU
		{C93795EE-5396-4EFD-9112-950802C34CF6}.Release|Win32.ActiveCfg = Release|Any CPU
		{C93795EE-5396-4EFD-9112-950802C34CF6}.Release|x86.ActiveCfg = Release|Any CPU
		{B9A4BD22-6FCA-4605-B7BF-60C8E8826368}.Debug|Any CPU.ActiveCfg = Debug|Any CPU
		{B9A4BD22-6FCA-4605-B7BF-60C8E8826368}.Debug|Any CPU.Build.0 = Debug|Any CPU
		{B9A4BD22-6FCA-4605-B7BF-60C8E8826368}.Debug|Any CPU.Deploy.0 = Debug|Any CPU
		{B9A4BD22-6FCA-4605-B7BF-60C8E8826368}.Debug|Mixed Platforms.ActiveCfg = Debug|Any CPU
		{B9A4BD22-6FCA-4605-B7BF-60C8E8826368}.Debug|Mixed Platforms.Build.0 = Debug|Any CPU
		{B9A4BD22-6FCA-4605-B7BF-60C8E8826368}.Debug|Mixed Platforms.Deploy.0 = Debug|Any CPU
		{B9A4BD22-6FCA-4605-B7BF-60C8E8826368}.Debug|Win32.ActiveCfg = Debug|Any CPU
		{B9A4BD22-6FCA-4605-B7BF-60C8E8826368}.Debug|x86.ActiveCfg = Debug|Any CPU
		{B9A4BD22-6FCA-4605-B7BF-60C8E8826368}.Debug|x86.Build.0 = Debug|Any CPU
		{B9A4BD22-6FCA-4605-B7BF-60C8E8826368}.Release|Any CPU.ActiveCfg = Release|Any CPU
		{B9A4BD22-6FCA-4605-B7BF-60C8E8826368}.Release|Any CPU.Build.0 = Release|Any CPU
		{B9A4BD22-6FCA-4605-B7BF-60C8E8826368}.Release|Any CPU.Deploy.0 = Release|Any CPU
		{B9A4BD22-6FCA-4605-B7BF-60C8E8826368}.Release|Mixed Platforms.ActiveCfg = Release|Any CPU
		{B9A4BD22-6FCA-4605-B7BF-60C8E8826368}.Release|Mixed Platforms.Build.0 = Release|Any CPU
		{B9A4BD22-6FCA-4605-B7BF-60C8E8826368}.Release|Mixed Platforms.Deploy.0 = Release|Any CPU
		{B9A4BD22-6FCA-4605-B7BF-60C8E8826368}.Release|Win32.ActiveCfg = Release|Any CPU
		{B9A4BD22-6FCA-4605-B7BF-60C8E8826368}.Release|x86.ActiveCfg = Release|Any CPU
		{D8A38403-7755-41D4-B0FF-F95340845917}.Debug|Any CPU.ActiveCfg = Debug|Any CPU
		{D8A38403-7755-41D4-B0FF-F95340845917}.Debug|Any CPU.Build.0 = Debug|Any CPU
		{D8A38403-7755-41D4-B0FF-F95340845917}.Debug|Mixed Platforms.ActiveCfg = Debug|Any CPU
		{D8A38403-7755-41D4-B0FF-F95340845917}.Debug|Mixed Platforms.Build.0 = Debug|Any CPU
		{D8A38403-7755-41D4-B0FF-F95340845917}.Debug|Win32.ActiveCfg = Debug|Any CPU
		{D8A38403-7755-41D4-B0FF-F95340845917}.Debug|x86.ActiveCfg = Debug|Any CPU
		{D8A38403-7755-41D4-B0FF-F95340845917}.Debug|x86.Build.0 = Debug|Any CPU
		{D8A38403-7755-41D4-B0FF-F95340845917}.Release|Any CPU.ActiveCfg = Release|Any CPU
		{D8A38403-7755-41D4-B0FF-F95340845917}.Release|Any CPU.Build.0 = Release|Any CPU
		{D8A38403-7755-41D4-B0FF-F95340845917}.Release|Mixed Platforms.ActiveCfg = Release|Any CPU
		{D8A38403-7755-41D4-B0FF-F95340845917}.Release|Mixed Platforms.Build.0 = Release|Any CPU
		{D8A38403-7755-41D4-B0FF-F95340845917}.Release|Win32.ActiveCfg = Release|Any CPU
		{D8A38403-7755-41D4-B0FF-F95340845917}.Release|x86.ActiveCfg = Release|Any CPU
		{6AE5ECCB-464F-4AF2-8E50-23605F23DF93}.Debug|Any CPU.ActiveCfg = Debug|Any CPU
		{6AE5ECCB-464F-4AF2-8E50-23605F23DF93}.Debug|Any CPU.Build.0 = Debug|Any CPU
		{6AE5ECCB-464F-4AF2-8E50-23605F23DF93}.Debug|Mixed Platforms.ActiveCfg = Debug|Any CPU
		{6AE5ECCB-464F-4AF2-8E50-23605F23DF93}.Debug|Mixed Platforms.Build.0 = Debug|Any CPU
		{6AE5ECCB-464F-4AF2-8E50-23605F23DF93}.Debug|Win32.ActiveCfg = Debug|Any CPU
		{6AE5ECCB-464F-4AF2-8E50-23605F23DF93}.Debug|x86.ActiveCfg = Debug|Any CPU
		{6AE5ECCB-464F-4AF2-8E50-23605F23DF93}.Debug|x86.Build.0 = Debug|Any CPU
		{6AE5ECCB-464F-4AF2-8E50-23605F23DF93}.Release|Any CPU.ActiveCfg = Release|Any CPU
		{6AE5ECCB-464F-4AF2-8E50-23605F23DF93}.Release|Any CPU.Build.0 = Release|Any CPU
		{6AE5ECCB-464F-4AF2-8E50-23605F23DF93}.Release|Mixed Platforms.ActiveCfg = Release|Any CPU
		{6AE5ECCB-464F-4AF2-8E50-23605F23DF93}.Release|Mixed Platforms.Build.0 = Release|Any CPU
		{6AE5ECCB-464F-4AF2-8E50-23605F23DF93}.Release|Win32.ActiveCfg = Release|Any CPU
		{6AE5ECCB-464F-4AF2-8E50-23605F23DF93}.Release|x86.ActiveCfg = Release|Any CPU
		{C1AA68CD-E1A3-44F0-B60C-ADAB4460F021}.Debug|Any CPU.ActiveCfg = Debug|Any CPU
		{C1AA68CD-E1A3-44F0-B60C-ADAB4460F021}.Debug|Any CPU.Build.0 = Debug|Any CPU
		{C1AA68CD-E1A3-44F0-B60C-ADAB4460F021}.Debug|Mixed Platforms.ActiveCfg = Debug|Any CPU
		{C1AA68CD-E1A3-44F0-B60C-ADAB4460F021}.Debug|Mixed Platforms.Build.0 = Debug|Any CPU
		{C1AA68CD-E1A3-44F0-B60C-ADAB4460F021}.Debug|Win32.ActiveCfg = Debug|Any CPU
		{C1AA68CD-E1A3-44F0-B60C-ADAB4460F021}.Debug|x86.ActiveCfg = Debug|Any CPU
		{C1AA68CD-E1A3-44F0-B60C-ADAB4460F021}.Debug|x86.Build.0 = Debug|Any CPU
		{C1AA68CD-E1A3-44F0-B60C-ADAB4460F021}.Release|Any CPU.ActiveCfg = Release|Any CPU
		{C1AA68CD-E1A3-44F0-B60C-ADAB4460F021}.Release|Any CPU.Build.0 = Release|Any CPU
		{C1AA68CD-E1A3-44F0-B60C-ADAB4460F021}.Release|Mixed Platforms.ActiveCfg = Release|Any CPU
		{C1AA68CD-E1A3-44F0-B60C-ADAB4460F021}.Release|Mixed Platforms.Build.0 = Release|Any CPU
		{C1AA68CD-E1A3-44F0-B60C-ADAB4460F021}.Release|Win32.ActiveCfg = Release|x86
		{C1AA68CD-E1A3-44F0-B60C-ADAB4460F021}.Release|x86.ActiveCfg = Release|Any CPU
		{F60C36BA-0861-4668-8689-69C9172EC1D6}.Debug|Any CPU.ActiveCfg = Debug|Any CPU
		{F60C36BA-0861-4668-8689-69C9172EC1D6}.Debug|Any CPU.Build.0 = Debug|Any CPU
		{F60C36BA-0861-4668-8689-69C9172EC1D6}.Debug|Mixed Platforms.ActiveCfg = Debug|Any CPU
		{F60C36BA-0861-4668-8689-69C9172EC1D6}.Debug|Mixed Platforms.Build.0 = Debug|Any CPU
		{F60C36BA-0861-4668-8689-69C9172EC1D6}.Debug|Win32.ActiveCfg = Debug|Any CPU
		{F60C36BA-0861-4668-8689-69C9172EC1D6}.Debug|x86.ActiveCfg = Debug|Any CPU
		{F60C36BA-0861-4668-8689-69C9172EC1D6}.Debug|x86.Build.0 = Debug|Any CPU
		{F60C36BA-0861-4668-8689-69C9172EC1D6}.Release|Any CPU.ActiveCfg = Release|Any CPU
		{F60C36BA-0861-4668-8689-69C9172EC1D6}.Release|Any CPU.Build.0 = Release|Any CPU
		{F60C36BA-0861-4668-8689-69C9172EC1D6}.Release|Mixed Platforms.ActiveCfg = Release|Any CPU
		{F60C36BA-0861-4668-8689-69C9172EC1D6}.Release|Mixed Platforms.Build.0 = Release|Any CPU
		{F60C36BA-0861-4668-8689-69C9172EC1D6}.Release|Win32.ActiveCfg = Release|Any CPU
		{F60C36BA-0861-4668-8689-69C9172EC1D6}.Release|x86.ActiveCfg = Release|Any CPU
		{34051DC9-AD25-432D-A3A2-7892BA0A3C67}.Debug|Any CPU.ActiveCfg = Debug|Any CPU
		{34051DC9-AD25-432D-A3A2-7892BA0A3C67}.Debug|Any CPU.Build.0 = Debug|Any CPU
		{34051DC9-AD25-432D-A3A2-7892BA0A3C67}.Debug|Any CPU.Deploy.0 = Debug|Any CPU
		{34051DC9-AD25-432D-A3A2-7892BA0A3C67}.Debug|Mixed Platforms.ActiveCfg = Debug|Any CPU
		{34051DC9-AD25-432D-A3A2-7892BA0A3C67}.Debug|Mixed Platforms.Build.0 = Debug|Any CPU
		{34051DC9-AD25-432D-A3A2-7892BA0A3C67}.Debug|Mixed Platforms.Deploy.0 = Debug|Any CPU
		{34051DC9-AD25-432D-A3A2-7892BA0A3C67}.Debug|Win32.ActiveCfg = Debug|Any CPU
		{34051DC9-AD25-432D-A3A2-7892BA0A3C67}.Debug|x86.ActiveCfg = Debug|Any CPU
		{34051DC9-AD25-432D-A3A2-7892BA0A3C67}.Debug|x86.Build.0 = Debug|Any CPU
		{34051DC9-AD25-432D-A3A2-7892BA0A3C67}.Release|Any CPU.ActiveCfg = Release|Any CPU
		{34051DC9-AD25-432D-A3A2-7892BA0A3C67}.Release|Any CPU.Build.0 = Release|Any CPU
		{34051DC9-AD25-432D-A3A2-7892BA0A3C67}.Release|Any CPU.Deploy.0 = Release|Any CPU
		{34051DC9-AD25-432D-A3A2-7892BA0A3C67}.Release|Mixed Platforms.ActiveCfg = Release|Any CPU
		{34051DC9-AD25-432D-A3A2-7892BA0A3C67}.Release|Mixed Platforms.Build.0 = Release|Any CPU
		{34051DC9-AD25-432D-A3A2-7892BA0A3C67}.Release|Mixed Platforms.Deploy.0 = Release|Any CPU
		{34051DC9-AD25-432D-A3A2-7892BA0A3C67}.Release|Win32.ActiveCfg = Release|Any CPU
		{34051DC9-AD25-432D-A3A2-7892BA0A3C67}.Release|x86.ActiveCfg = Release|Any CPU
		{BD2471BD-8B97-4EC7-96E8-A262EBC38173}.Debug|Any CPU.ActiveCfg = Debug|Any CPU
		{BD2471BD-8B97-4EC7-96E8-A262EBC38173}.Debug|Any CPU.Build.0 = Debug|Any CPU
		{BD2471BD-8B97-4EC7-96E8-A262EBC38173}.Debug|Mixed Platforms.ActiveCfg = Debug|Any CPU
		{BD2471BD-8B97-4EC7-96E8-A262EBC38173}.Debug|Mixed Platforms.Build.0 = Debug|Any CPU
		{BD2471BD-8B97-4EC7-96E8-A262EBC38173}.Debug|Win32.ActiveCfg = Debug|Any CPU
		{BD2471BD-8B97-4EC7-96E8-A262EBC38173}.Debug|x86.ActiveCfg = Debug|Any CPU
		{BD2471BD-8B97-4EC7-96E8-A262EBC38173}.Debug|x86.Build.0 = Debug|Any CPU
		{BD2471BD-8B97-4EC7-96E8-A262EBC38173}.Release|Any CPU.ActiveCfg = Release|Any CPU
		{BD2471BD-8B97-4EC7-96E8-A262EBC38173}.Release|Any CPU.Build.0 = Release|Any CPU
		{BD2471BD-8B97-4EC7-96E8-A262EBC38173}.Release|Mixed Platforms.ActiveCfg = Release|Any CPU
		{BD2471BD-8B97-4EC7-96E8-A262EBC38173}.Release|Mixed Platforms.Build.0 = Release|Any CPU
		{BD2471BD-8B97-4EC7-96E8-A262EBC38173}.Release|Win32.ActiveCfg = Release|Any CPU
		{BD2471BD-8B97-4EC7-96E8-A262EBC38173}.Release|x86.ActiveCfg = Release|Any CPU
		{8E44BE8B-72AC-428F-B8F1-5190E83B41AC}.Debug|Any CPU.ActiveCfg = Debug|Win32
		{8E44BE8B-72AC-428F-B8F1-5190E83B41AC}.Debug|Mixed Platforms.ActiveCfg = Debug|Win32
		{8E44BE8B-72AC-428F-B8F1-5190E83B41AC}.Debug|Mixed Platforms.Build.0 = Debug|Win32
		{8E44BE8B-72AC-428F-B8F1-5190E83B41AC}.Debug|Win32.ActiveCfg = Debug|Win32
		{8E44BE8B-72AC-428F-B8F1-5190E83B41AC}.Debug|Win32.Build.0 = Debug|Win32
		{8E44BE8B-72AC-428F-B8F1-5190E83B41AC}.Debug|x86.ActiveCfg = Debug|Win32
		{8E44BE8B-72AC-428F-B8F1-5190E83B41AC}.Debug|x86.Build.0 = Debug|Win32
		{8E44BE8B-72AC-428F-B8F1-5190E83B41AC}.Release|Any CPU.ActiveCfg = Release|Win32
		{8E44BE8B-72AC-428F-B8F1-5190E83B41AC}.Release|Mixed Platforms.ActiveCfg = Release|Win32
		{8E44BE8B-72AC-428F-B8F1-5190E83B41AC}.Release|Mixed Platforms.Build.0 = Release|Win32
		{8E44BE8B-72AC-428F-B8F1-5190E83B41AC}.Release|Win32.ActiveCfg = Release|Win32
		{8E44BE8B-72AC-428F-B8F1-5190E83B41AC}.Release|Win32.Build.0 = Release|Win32
		{8E44BE8B-72AC-428F-B8F1-5190E83B41AC}.Release|x86.ActiveCfg = Release|Win32
		{04FC4A9C-3671-415D-AAA9-B686A0F41758}.Debug|Any CPU.ActiveCfg = Debug|Any CPU
		{04FC4A9C-3671-415D-AAA9-B686A0F41758}.Debug|Any CPU.Build.0 = Debug|Any CPU
		{04FC4A9C-3671-415D-AAA9-B686A0F41758}.Debug|Mixed Platforms.ActiveCfg = Debug|Any CPU
		{04FC4A9C-3671-415D-AAA9-B686A0F41758}.Debug|Mixed Platforms.Build.0 = Debug|Any CPU
		{04FC4A9C-3671-415D-AAA9-B686A0F41758}.Debug|Win32.ActiveCfg = Debug|Any CPU
		{04FC4A9C-3671-415D-AAA9-B686A0F41758}.Debug|x86.ActiveCfg = Debug|Any CPU
		{04FC4A9C-3671-415D-AAA9-B686A0F41758}.Debug|x86.Build.0 = Debug|Any CPU
		{04FC4A9C-3671-415D-AAA9-B686A0F41758}.Release|Any CPU.ActiveCfg = Release|Any CPU
		{04FC4A9C-3671-415D-AAA9-B686A0F41758}.Release|Any CPU.Build.0 = Release|Any CPU
		{04FC4A9C-3671-415D-AAA9-B686A0F41758}.Release|Mixed Platforms.ActiveCfg = Release|Any CPU
		{04FC4A9C-3671-415D-AAA9-B686A0F41758}.Release|Mixed Platforms.Build.0 = Release|Any CPU
		{04FC4A9C-3671-415D-AAA9-B686A0F41758}.Release|Win32.ActiveCfg = Release|Any CPU
		{04FC4A9C-3671-415D-AAA9-B686A0F41758}.Release|x86.ActiveCfg = Release|Any CPU
		{643878F1-3B92-4C0A-9E3B-F8F84A26C89B}.Debug|Any CPU.ActiveCfg = Debug|Any CPU
		{643878F1-3B92-4C0A-9E3B-F8F84A26C89B}.Debug|Any CPU.Build.0 = Debug|Any CPU
		{643878F1-3B92-4C0A-9E3B-F8F84A26C89B}.Debug|Mixed Platforms.ActiveCfg = Debug|Any CPU
		{643878F1-3B92-4C0A-9E3B-F8F84A26C89B}.Debug|Mixed Platforms.Build.0 = Debug|Any CPU
		{643878F1-3B92-4C0A-9E3B-F8F84A26C89B}.Debug|Win32.ActiveCfg = Debug|Any CPU
		{643878F1-3B92-4C0A-9E3B-F8F84A26C89B}.Debug|x86.ActiveCfg = Debug|Any CPU
		{643878F1-3B92-4C0A-9E3B-F8F84A26C89B}.Debug|x86.Build.0 = Debug|Any CPU
		{643878F1-3B92-4C0A-9E3B-F8F84A26C89B}.Release|Any CPU.ActiveCfg = Release|Any CPU
		{643878F1-3B92-4C0A-9E3B-F8F84A26C89B}.Release|Any CPU.Build.0 = Release|Any CPU
		{643878F1-3B92-4C0A-9E3B-F8F84A26C89B}.Release|Mixed Platforms.ActiveCfg = Release|Any CPU
		{643878F1-3B92-4C0A-9E3B-F8F84A26C89B}.Release|Mixed Platforms.Build.0 = Release|Any CPU
		{643878F1-3B92-4C0A-9E3B-F8F84A26C89B}.Release|Win32.ActiveCfg = Release|Any CPU
		{643878F1-3B92-4C0A-9E3B-F8F84A26C89B}.Release|x86.ActiveCfg = Release|Any CPU
		{2F7B8911-380C-4C5F-B553-679B1B53BB4D}.Debug|Any CPU.ActiveCfg = Debug|Any CPU
		{2F7B8911-380C-4C5F-B553-679B1B53BB4D}.Debug|Any CPU.Build.0 = Debug|Any CPU
		{2F7B8911-380C-4C5F-B553-679B1B53BB4D}.Debug|Mixed Platforms.ActiveCfg = Debug|Any CPU
		{2F7B8911-380C-4C5F-B553-679B1B53BB4D}.Debug|Mixed Platforms.Build.0 = Debug|Any CPU
		{2F7B8911-380C-4C5F-B553-679B1B53BB4D}.Debug|Win32.ActiveCfg = Debug|Any CPU
		{2F7B8911-380C-4C5F-B553-679B1B53BB4D}.Debug|x86.ActiveCfg = Debug|Any CPU
		{2F7B8911-380C-4C5F-B553-679B1B53BB4D}.Debug|x86.Build.0 = Debug|Any CPU
		{2F7B8911-380C-4C5F-B553-679B1B53BB4D}.Release|Any CPU.ActiveCfg = Release|Any CPU
		{2F7B8911-380C-4C5F-B553-679B1B53BB4D}.Release|Any CPU.Build.0 = Release|Any CPU
		{2F7B8911-380C-4C5F-B553-679B1B53BB4D}.Release|Mixed Platforms.ActiveCfg = Release|Any CPU
		{2F7B8911-380C-4C5F-B553-679B1B53BB4D}.Release|Mixed Platforms.Build.0 = Release|Any CPU
		{2F7B8911-380C-4C5F-B553-679B1B53BB4D}.Release|Win32.ActiveCfg = Release|Any CPU
		{2F7B8911-380C-4C5F-B553-679B1B53BB4D}.Release|x86.ActiveCfg = Release|Any CPU
		{42C9727B-211A-4A40-81C9-B482FBC276C9}.Debug|Any CPU.ActiveCfg = Debug|Any CPU
		{42C9727B-211A-4A40-81C9-B482FBC276C9}.Debug|Any CPU.Build.0 = Debug|Any CPU
		{42C9727B-211A-4A40-81C9-B482FBC276C9}.Debug|Mixed Platforms.ActiveCfg = Debug|Any CPU
		{42C9727B-211A-4A40-81C9-B482FBC276C9}.Debug|Mixed Platforms.Build.0 = Debug|Any CPU
		{42C9727B-211A-4A40-81C9-B482FBC276C9}.Debug|Win32.ActiveCfg = Debug|Any CPU
		{42C9727B-211A-4A40-81C9-B482FBC276C9}.Debug|x86.ActiveCfg = Debug|Any CPU
		{42C9727B-211A-4A40-81C9-B482FBC276C9}.Debug|x86.Build.0 = Debug|Any CPU
		{42C9727B-211A-4A40-81C9-B482FBC276C9}.Release|Any CPU.ActiveCfg = Release|Any CPU
		{42C9727B-211A-4A40-81C9-B482FBC276C9}.Release|Any CPU.Build.0 = Release|Any CPU
		{42C9727B-211A-4A40-81C9-B482FBC276C9}.Release|Mixed Platforms.ActiveCfg = Release|Any CPU
		{42C9727B-211A-4A40-81C9-B482FBC276C9}.Release|Mixed Platforms.Build.0 = Release|Any CPU
		{42C9727B-211A-4A40-81C9-B482FBC276C9}.Release|Win32.ActiveCfg = Release|Any CPU
		{42C9727B-211A-4A40-81C9-B482FBC276C9}.Release|x86.ActiveCfg = Release|Any CPU
		{32214833-43A7-4AE3-9881-C62C0B598556}.Debug|Any CPU.ActiveCfg = Debug|Any CPU
		{32214833-43A7-4AE3-9881-C62C0B598556}.Debug|Any CPU.Build.0 = Debug|Any CPU
		{32214833-43A7-4AE3-9881-C62C0B598556}.Debug|Mixed Platforms.ActiveCfg = Debug|Any CPU
		{32214833-43A7-4AE3-9881-C62C0B598556}.Debug|Mixed Platforms.Build.0 = Debug|Any CPU
		{32214833-43A7-4AE3-9881-C62C0B598556}.Debug|Win32.ActiveCfg = Debug|Any CPU
		{32214833-43A7-4AE3-9881-C62C0B598556}.Debug|x86.ActiveCfg = Debug|Any CPU
		{32214833-43A7-4AE3-9881-C62C0B598556}.Debug|x86.Build.0 = Debug|Any CPU
		{32214833-43A7-4AE3-9881-C62C0B598556}.Release|Any CPU.ActiveCfg = Release|Any CPU
		{32214833-43A7-4AE3-9881-C62C0B598556}.Release|Any CPU.Build.0 = Release|Any CPU
		{32214833-43A7-4AE3-9881-C62C0B598556}.Release|Mixed Platforms.ActiveCfg = Release|Any CPU
		{32214833-43A7-4AE3-9881-C62C0B598556}.Release|Mixed Platforms.Build.0 = Release|Any CPU
		{32214833-43A7-4AE3-9881-C62C0B598556}.Release|Win32.ActiveCfg = Release|Any CPU
		{32214833-43A7-4AE3-9881-C62C0B598556}.Release|x86.ActiveCfg = Release|Any CPU
		{7D58F338-376A-4436-A062-614D35297DA3}.Debug|Any CPU.ActiveCfg = Debug|Any CPU
		{7D58F338-376A-4436-A062-614D35297DA3}.Debug|Any CPU.Build.0 = Debug|Any CPU
		{7D58F338-376A-4436-A062-614D35297DA3}.Debug|Mixed Platforms.ActiveCfg = Debug|Any CPU
		{7D58F338-376A-4436-A062-614D35297DA3}.Debug|Mixed Platforms.Build.0 = Debug|Any CPU
		{7D58F338-376A-4436-A062-614D35297DA3}.Debug|Win32.ActiveCfg = Debug|Any CPU
		{7D58F338-376A-4436-A062-614D35297DA3}.Debug|x86.ActiveCfg = Debug|Any CPU
		{7D58F338-376A-4436-A062-614D35297DA3}.Debug|x86.Build.0 = Debug|Any CPU
		{7D58F338-376A-4436-A062-614D35297DA3}.Release|Any CPU.ActiveCfg = Release|Any CPU
		{7D58F338-376A-4436-A062-614D35297DA3}.Release|Any CPU.Build.0 = Release|Any CPU
		{7D58F338-376A-4436-A062-614D35297DA3}.Release|Mixed Platforms.ActiveCfg = Release|Any CPU
		{7D58F338-376A-4436-A062-614D35297DA3}.Release|Mixed Platforms.Build.0 = Release|Any CPU
		{7D58F338-376A-4436-A062-614D35297DA3}.Release|Win32.ActiveCfg = Release|Any CPU
		{7D58F338-376A-4436-A062-614D35297DA3}.Release|x86.ActiveCfg = Release|Any CPU
		{E0B64B30-2504-43E5-97C3-3D328C948EA7}.Debug|Any CPU.ActiveCfg = Debug|Any CPU
		{E0B64B30-2504-43E5-97C3-3D328C948EA7}.Debug|Any CPU.Build.0 = Debug|Any CPU
		{E0B64B30-2504-43E5-97C3-3D328C948EA7}.Debug|Mixed Platforms.ActiveCfg = Debug|Any CPU
		{E0B64B30-2504-43E5-97C3-3D328C948EA7}.Debug|Mixed Platforms.Build.0 = Debug|Any CPU
		{E0B64B30-2504-43E5-97C3-3D328C948EA7}.Debug|Win32.ActiveCfg = Debug|Any CPU
		{E0B64B30-2504-43E5-97C3-3D328C948EA7}.Debug|x86.ActiveCfg = Debug|Any CPU
		{E0B64B30-2504-43E5-97C3-3D328C948EA7}.Debug|x86.Build.0 = Debug|Any CPU
		{E0B64B30-2504-43E5-97C3-3D328C948EA7}.Release|Any CPU.ActiveCfg = Release|Any CPU
		{E0B64B30-2504-43E5-97C3-3D328C948EA7}.Release|Any CPU.Build.0 = Release|Any CPU
		{E0B64B30-2504-43E5-97C3-3D328C948EA7}.Release|Mixed Platforms.ActiveCfg = Release|Any CPU
		{E0B64B30-2504-43E5-97C3-3D328C948EA7}.Release|Mixed Platforms.Build.0 = Release|Any CPU
		{E0B64B30-2504-43E5-97C3-3D328C948EA7}.Release|Win32.ActiveCfg = Release|Any CPU
		{E0B64B30-2504-43E5-97C3-3D328C948EA7}.Release|x86.ActiveCfg = Release|Any CPU
		{159C3B56-3A43-41C2-93BD-F54A6245A9E8}.Debug|Any CPU.ActiveCfg = Debug|Any CPU
		{159C3B56-3A43-41C2-93BD-F54A6245A9E8}.Debug|Any CPU.Build.0 = Debug|Any CPU
		{159C3B56-3A43-41C2-93BD-F54A6245A9E8}.Debug|Mixed Platforms.ActiveCfg = Debug|Any CPU
		{159C3B56-3A43-41C2-93BD-F54A6245A9E8}.Debug|Mixed Platforms.Build.0 = Debug|Any CPU
		{159C3B56-3A43-41C2-93BD-F54A6245A9E8}.Debug|Win32.ActiveCfg = Debug|Any CPU
		{159C3B56-3A43-41C2-93BD-F54A6245A9E8}.Debug|x86.ActiveCfg = Debug|Any CPU
		{159C3B56-3A43-41C2-93BD-F54A6245A9E8}.Debug|x86.Build.0 = Debug|Any CPU
		{159C3B56-3A43-41C2-93BD-F54A6245A9E8}.Release|Any CPU.ActiveCfg = Release|Any CPU
		{159C3B56-3A43-41C2-93BD-F54A6245A9E8}.Release|Any CPU.Build.0 = Release|Any CPU
		{159C3B56-3A43-41C2-93BD-F54A6245A9E8}.Release|Mixed Platforms.ActiveCfg = Release|Any CPU
		{159C3B56-3A43-41C2-93BD-F54A6245A9E8}.Release|Mixed Platforms.Build.0 = Release|Any CPU
		{159C3B56-3A43-41C2-93BD-F54A6245A9E8}.Release|Win32.ActiveCfg = Release|Any CPU
		{159C3B56-3A43-41C2-93BD-F54A6245A9E8}.Release|x86.ActiveCfg = Release|Any CPU
		{3F1138DF-EC11-40E7-9B59-B9684EC535B2}.Debug|Any CPU.ActiveCfg = Debug|Any CPU
		{3F1138DF-EC11-40E7-9B59-B9684EC535B2}.Debug|Any CPU.Build.0 = Debug|Any CPU
		{3F1138DF-EC11-40E7-9B59-B9684EC535B2}.Debug|Mixed Platforms.ActiveCfg = Debug|Any CPU
		{3F1138DF-EC11-40E7-9B59-B9684EC535B2}.Debug|Mixed Platforms.Build.0 = Debug|Any CPU
		{3F1138DF-EC11-40E7-9B59-B9684EC535B2}.Debug|Win32.ActiveCfg = Debug|Any CPU
		{3F1138DF-EC11-40E7-9B59-B9684EC535B2}.Debug|x86.ActiveCfg = Debug|Any CPU
		{3F1138DF-EC11-40E7-9B59-B9684EC535B2}.Debug|x86.Build.0 = Debug|Any CPU
		{3F1138DF-EC11-40E7-9B59-B9684EC535B2}.Release|Any CPU.ActiveCfg = Release|Any CPU
		{3F1138DF-EC11-40E7-9B59-B9684EC535B2}.Release|Any CPU.Build.0 = Release|Any CPU
		{3F1138DF-EC11-40E7-9B59-B9684EC535B2}.Release|Mixed Platforms.ActiveCfg = Release|Any CPU
		{3F1138DF-EC11-40E7-9B59-B9684EC535B2}.Release|Mixed Platforms.Build.0 = Release|Any CPU
		{3F1138DF-EC11-40E7-9B59-B9684EC535B2}.Release|Win32.ActiveCfg = Release|Any CPU
		{3F1138DF-EC11-40E7-9B59-B9684EC535B2}.Release|x86.ActiveCfg = Release|Any CPU
		{16EE7DC2-25F1-4A26-B391-6B10BA058142}.Debug|Any CPU.ActiveCfg = Debug|Any CPU
		{16EE7DC2-25F1-4A26-B391-6B10BA058142}.Debug|Any CPU.Build.0 = Debug|Any CPU
		{16EE7DC2-25F1-4A26-B391-6B10BA058142}.Debug|Mixed Platforms.ActiveCfg = Debug|Any CPU
		{16EE7DC2-25F1-4A26-B391-6B10BA058142}.Debug|Mixed Platforms.Build.0 = Debug|Any CPU
		{16EE7DC2-25F1-4A26-B391-6B10BA058142}.Debug|Win32.ActiveCfg = Debug|Any CPU
		{16EE7DC2-25F1-4A26-B391-6B10BA058142}.Debug|x86.ActiveCfg = Debug|Any CPU
		{16EE7DC2-25F1-4A26-B391-6B10BA058142}.Debug|x86.Build.0 = Debug|Any CPU
		{16EE7DC2-25F1-4A26-B391-6B10BA058142}.Release|Any CPU.ActiveCfg = Release|Any CPU
		{16EE7DC2-25F1-4A26-B391-6B10BA058142}.Release|Any CPU.Build.0 = Release|Any CPU
		{16EE7DC2-25F1-4A26-B391-6B10BA058142}.Release|Mixed Platforms.ActiveCfg = Release|Any CPU
		{16EE7DC2-25F1-4A26-B391-6B10BA058142}.Release|Mixed Platforms.Build.0 = Release|Any CPU
		{16EE7DC2-25F1-4A26-B391-6B10BA058142}.Release|Win32.ActiveCfg = Release|Any CPU
		{16EE7DC2-25F1-4A26-B391-6B10BA058142}.Release|x86.ActiveCfg = Release|Any CPU
		{21D259C4-51B5-42B4-8E2C-B71A666EB16E}.Debug|Any CPU.ActiveCfg = Debug|Any CPU
		{21D259C4-51B5-42B4-8E2C-B71A666EB16E}.Debug|Any CPU.Build.0 = Debug|Any CPU
		{21D259C4-51B5-42B4-8E2C-B71A666EB16E}.Debug|Mixed Platforms.ActiveCfg = Debug|Any CPU
		{21D259C4-51B5-42B4-8E2C-B71A666EB16E}.Debug|Mixed Platforms.Build.0 = Debug|Any CPU
		{21D259C4-51B5-42B4-8E2C-B71A666EB16E}.Debug|Win32.ActiveCfg = Debug|Any CPU
		{21D259C4-51B5-42B4-8E2C-B71A666EB16E}.Debug|x86.ActiveCfg = Debug|Any CPU
		{21D259C4-51B5-42B4-8E2C-B71A666EB16E}.Debug|x86.Build.0 = Debug|Any CPU
		{21D259C4-51B5-42B4-8E2C-B71A666EB16E}.Release|Any CPU.ActiveCfg = Release|Any CPU
		{21D259C4-51B5-42B4-8E2C-B71A666EB16E}.Release|Any CPU.Build.0 = Release|Any CPU
		{21D259C4-51B5-42B4-8E2C-B71A666EB16E}.Release|Mixed Platforms.ActiveCfg = Release|Any CPU
		{21D259C4-51B5-42B4-8E2C-B71A666EB16E}.Release|Mixed Platforms.Build.0 = Release|Any CPU
		{21D259C4-51B5-42B4-8E2C-B71A666EB16E}.Release|Win32.ActiveCfg = Release|Any CPU
		{21D259C4-51B5-42B4-8E2C-B71A666EB16E}.Release|x86.ActiveCfg = Release|Any CPU
		{95C9254D-2CC4-4A4E-A5EA-B1972A03CE4A}.Debug|Any CPU.ActiveCfg = Debug|Any CPU
		{95C9254D-2CC4-4A4E-A5EA-B1972A03CE4A}.Debug|Any CPU.Build.0 = Debug|Any CPU
		{95C9254D-2CC4-4A4E-A5EA-B1972A03CE4A}.Debug|Mixed Platforms.ActiveCfg = Debug|Any CPU
		{95C9254D-2CC4-4A4E-A5EA-B1972A03CE4A}.Debug|Mixed Platforms.Build.0 = Debug|Any CPU
		{95C9254D-2CC4-4A4E-A5EA-B1972A03CE4A}.Debug|Win32.ActiveCfg = Debug|Any CPU
		{95C9254D-2CC4-4A4E-A5EA-B1972A03CE4A}.Debug|x86.ActiveCfg = Debug|Any CPU
		{95C9254D-2CC4-4A4E-A5EA-B1972A03CE4A}.Debug|x86.Build.0 = Debug|Any CPU
		{95C9254D-2CC4-4A4E-A5EA-B1972A03CE4A}.Release|Any CPU.ActiveCfg = Release|Any CPU
		{95C9254D-2CC4-4A4E-A5EA-B1972A03CE4A}.Release|Any CPU.Build.0 = Release|Any CPU
		{95C9254D-2CC4-4A4E-A5EA-B1972A03CE4A}.Release|Mixed Platforms.ActiveCfg = Release|Any CPU
		{95C9254D-2CC4-4A4E-A5EA-B1972A03CE4A}.Release|Mixed Platforms.Build.0 = Release|Any CPU
		{95C9254D-2CC4-4A4E-A5EA-B1972A03CE4A}.Release|Win32.ActiveCfg = Release|Any CPU
		{95C9254D-2CC4-4A4E-A5EA-B1972A03CE4A}.Release|x86.ActiveCfg = Release|Any CPU
		{05B5339E-EC84-48A8-8D4C-0FE59F8C1F93}.Debug|Any CPU.ActiveCfg = Debug|Any CPU
		{05B5339E-EC84-48A8-8D4C-0FE59F8C1F93}.Debug|Any CPU.Build.0 = Debug|Any CPU
		{05B5339E-EC84-48A8-8D4C-0FE59F8C1F93}.Debug|Mixed Platforms.ActiveCfg = Debug|Any CPU
		{05B5339E-EC84-48A8-8D4C-0FE59F8C1F93}.Debug|Mixed Platforms.Build.0 = Debug|Any CPU
		{05B5339E-EC84-48A8-8D4C-0FE59F8C1F93}.Debug|Win32.ActiveCfg = Debug|Any CPU
		{05B5339E-EC84-48A8-8D4C-0FE59F8C1F93}.Debug|x86.ActiveCfg = Debug|x86
		{05B5339E-EC84-48A8-8D4C-0FE59F8C1F93}.Debug|x86.Build.0 = Debug|x86
		{05B5339E-EC84-48A8-8D4C-0FE59F8C1F93}.Release|Any CPU.ActiveCfg = Release|Any CPU
		{05B5339E-EC84-48A8-8D4C-0FE59F8C1F93}.Release|Any CPU.Build.0 = Release|Any CPU
		{05B5339E-EC84-48A8-8D4C-0FE59F8C1F93}.Release|Mixed Platforms.ActiveCfg = Release|Any CPU
		{05B5339E-EC84-48A8-8D4C-0FE59F8C1F93}.Release|Mixed Platforms.Build.0 = Release|Any CPU
		{05B5339E-EC84-48A8-8D4C-0FE59F8C1F93}.Release|Win32.ActiveCfg = Release|Any CPU
		{05B5339E-EC84-48A8-8D4C-0FE59F8C1F93}.Release|x86.ActiveCfg = Release|Any CPU
		{2E776CC0-EEF5-428A-9178-6838E368B85E}.Debug|Any CPU.ActiveCfg = Debug|Any CPU
		{2E776CC0-EEF5-428A-9178-6838E368B85E}.Debug|Any CPU.Build.0 = Debug|Any CPU
		{2E776CC0-EEF5-428A-9178-6838E368B85E}.Debug|Mixed Platforms.ActiveCfg = Debug|Any CPU
		{2E776CC0-EEF5-428A-9178-6838E368B85E}.Debug|Mixed Platforms.Build.0 = Debug|Any CPU
		{2E776CC0-EEF5-428A-9178-6838E368B85E}.Debug|Win32.ActiveCfg = Debug|Any CPU
		{2E776CC0-EEF5-428A-9178-6838E368B85E}.Debug|x86.ActiveCfg = Debug|Any CPU
		{2E776CC0-EEF5-428A-9178-6838E368B85E}.Debug|x86.Build.0 = Debug|Any CPU
		{2E776CC0-EEF5-428A-9178-6838E368B85E}.Release|Any CPU.ActiveCfg = Release|Any CPU
		{2E776CC0-EEF5-428A-9178-6838E368B85E}.Release|Any CPU.Build.0 = Release|Any CPU
		{2E776CC0-EEF5-428A-9178-6838E368B85E}.Release|Mixed Platforms.ActiveCfg = Release|Any CPU
		{2E776CC0-EEF5-428A-9178-6838E368B85E}.Release|Mixed Platforms.Build.0 = Release|Any CPU
		{2E776CC0-EEF5-428A-9178-6838E368B85E}.Release|Win32.ActiveCfg = Release|Any CPU
		{2E776CC0-EEF5-428A-9178-6838E368B85E}.Release|x86.ActiveCfg = Release|Any CPU
		{42AF20B2-2279-4FBE-9C2C-6D8C143E5FE0}.Debug|Any CPU.ActiveCfg = Debug|Any CPU
		{42AF20B2-2279-4FBE-9C2C-6D8C143E5FE0}.Debug|Any CPU.Build.0 = Debug|Any CPU
		{42AF20B2-2279-4FBE-9C2C-6D8C143E5FE0}.Debug|Mixed Platforms.ActiveCfg = Debug|Any CPU
		{42AF20B2-2279-4FBE-9C2C-6D8C143E5FE0}.Debug|Mixed Platforms.Build.0 = Debug|Any CPU
		{42AF20B2-2279-4FBE-9C2C-6D8C143E5FE0}.Debug|Win32.ActiveCfg = Debug|Any CPU
		{42AF20B2-2279-4FBE-9C2C-6D8C143E5FE0}.Debug|x86.ActiveCfg = Debug|x86
		{42AF20B2-2279-4FBE-9C2C-6D8C143E5FE0}.Debug|x86.Build.0 = Debug|x86
		{42AF20B2-2279-4FBE-9C2C-6D8C143E5FE0}.Release|Any CPU.ActiveCfg = Release|Any CPU
		{42AF20B2-2279-4FBE-9C2C-6D8C143E5FE0}.Release|Any CPU.Build.0 = Release|Any CPU
		{42AF20B2-2279-4FBE-9C2C-6D8C143E5FE0}.Release|Mixed Platforms.ActiveCfg = Release|Any CPU
		{42AF20B2-2279-4FBE-9C2C-6D8C143E5FE0}.Release|Mixed Platforms.Build.0 = Release|Any CPU
		{42AF20B2-2279-4FBE-9C2C-6D8C143E5FE0}.Release|Win32.ActiveCfg = Release|Any CPU
		{42AF20B2-2279-4FBE-9C2C-6D8C143E5FE0}.Release|x86.ActiveCfg = Release|Any CPU
		{30003FCC-29EC-4EEE-BBBE-9F9B04F999F3}.Debug|Any CPU.ActiveCfg = Debug|Win32
		{30003FCC-29EC-4EEE-BBBE-9F9B04F999F3}.Debug|Mixed Platforms.ActiveCfg = Debug|Win32
		{30003FCC-29EC-4EEE-BBBE-9F9B04F999F3}.Debug|Mixed Platforms.Build.0 = Debug|Win32
		{30003FCC-29EC-4EEE-BBBE-9F9B04F999F3}.Debug|Win32.ActiveCfg = Debug|Win32
		{30003FCC-29EC-4EEE-BBBE-9F9B04F999F3}.Debug|Win32.Build.0 = Debug|Win32
		{30003FCC-29EC-4EEE-BBBE-9F9B04F999F3}.Debug|x86.ActiveCfg = Debug|Win32
		{30003FCC-29EC-4EEE-BBBE-9F9B04F999F3}.Release|Any CPU.ActiveCfg = Release|Win32
		{30003FCC-29EC-4EEE-BBBE-9F9B04F999F3}.Release|Mixed Platforms.ActiveCfg = Release|Win32
		{30003FCC-29EC-4EEE-BBBE-9F9B04F999F3}.Release|Mixed Platforms.Build.0 = Release|Win32
		{30003FCC-29EC-4EEE-BBBE-9F9B04F999F3}.Release|Win32.ActiveCfg = Release|Win32
		{30003FCC-29EC-4EEE-BBBE-9F9B04F999F3}.Release|Win32.Build.0 = Release|Win32
		{30003FCC-29EC-4EEE-BBBE-9F9B04F999F3}.Release|x86.ActiveCfg = Release|Win32
		{ABF3A5C8-FFE5-4895-A365-49667CD6B32C}.Debug|Any CPU.ActiveCfg = Debug|Any CPU
		{ABF3A5C8-FFE5-4895-A365-49667CD6B32C}.Debug|Any CPU.Build.0 = Debug|Any CPU
		{ABF3A5C8-FFE5-4895-A365-49667CD6B32C}.Debug|Mixed Platforms.ActiveCfg = Debug|Any CPU
		{ABF3A5C8-FFE5-4895-A365-49667CD6B32C}.Debug|Mixed Platforms.Build.0 = Debug|Any CPU
		{ABF3A5C8-FFE5-4895-A365-49667CD6B32C}.Debug|Win32.ActiveCfg = Debug|Any CPU
		{ABF3A5C8-FFE5-4895-A365-49667CD6B32C}.Debug|x86.ActiveCfg = Debug|Any CPU
		{ABF3A5C8-FFE5-4895-A365-49667CD6B32C}.Debug|x86.Build.0 = Debug|Any CPU
		{ABF3A5C8-FFE5-4895-A365-49667CD6B32C}.Release|Any CPU.ActiveCfg = Release|Any CPU
		{ABF3A5C8-FFE5-4895-A365-49667CD6B32C}.Release|Any CPU.Build.0 = Release|Any CPU
		{ABF3A5C8-FFE5-4895-A365-49667CD6B32C}.Release|Mixed Platforms.ActiveCfg = Release|Any CPU
		{ABF3A5C8-FFE5-4895-A365-49667CD6B32C}.Release|Mixed Platforms.Build.0 = Release|Any CPU
		{ABF3A5C8-FFE5-4895-A365-49667CD6B32C}.Release|Win32.ActiveCfg = Release|Any CPU
		{ABF3A5C8-FFE5-4895-A365-49667CD6B32C}.Release|x86.ActiveCfg = Release|Any CPU
		{41AFA457-B756-49A8-BA97-107BD7A75CF3}.Debug|Any CPU.ActiveCfg = Debug|Any CPU
		{41AFA457-B756-49A8-BA97-107BD7A75CF3}.Debug|Any CPU.Build.0 = Debug|Any CPU
		{41AFA457-B756-49A8-BA97-107BD7A75CF3}.Debug|Mixed Platforms.ActiveCfg = Debug|Any CPU
		{41AFA457-B756-49A8-BA97-107BD7A75CF3}.Debug|Mixed Platforms.Build.0 = Debug|Any CPU
		{41AFA457-B756-49A8-BA97-107BD7A75CF3}.Debug|Win32.ActiveCfg = Debug|Any CPU
		{41AFA457-B756-49A8-BA97-107BD7A75CF3}.Debug|x86.ActiveCfg = Debug|Any CPU
		{41AFA457-B756-49A8-BA97-107BD7A75CF3}.Debug|x86.Build.0 = Debug|Any CPU
		{41AFA457-B756-49A8-BA97-107BD7A75CF3}.Release|Any CPU.ActiveCfg = Release|Any CPU
		{41AFA457-B756-49A8-BA97-107BD7A75CF3}.Release|Any CPU.Build.0 = Release|Any CPU
		{41AFA457-B756-49A8-BA97-107BD7A75CF3}.Release|Mixed Platforms.ActiveCfg = Release|Any CPU
		{41AFA457-B756-49A8-BA97-107BD7A75CF3}.Release|Mixed Platforms.Build.0 = Release|Any CPU
		{41AFA457-B756-49A8-BA97-107BD7A75CF3}.Release|Win32.ActiveCfg = Release|Any CPU
		{41AFA457-B756-49A8-BA97-107BD7A75CF3}.Release|x86.ActiveCfg = Release|Any CPU
	EndGlobalSection
	GlobalSection(SolutionProperties) = preSolution
		HideSolutionNode = FALSE
	EndGlobalSection
	GlobalSection(NestedProjects) = preSolution
		{6C8ECD60-4CA2-479A-9962-C3D739FA35AD} = {6FE5C10E-0F8B-498A-BBB6-56062DC2BD55}
		{CF004D26-5AE5-47D9-B237-4054AAC4467E} = {50B14211-2A9D-4956-A43F-A8B7A3000AF0}
		{CF04AF73-FE38-45D6-9793-662D30182B6C} = {50B14211-2A9D-4956-A43F-A8B7A3000AF0}
		{95EEFDC7-2884-4C8F-A715-D64F3B4A190A} = {50B14211-2A9D-4956-A43F-A8B7A3000AF0}
		{9EAEDF61-6A41-4ACD-A3A5-2A5DEA191AE3} = {50B14211-2A9D-4956-A43F-A8B7A3000AF0}
		{8B30E35E-8850-4A16-9160-D7DA2E5A54B5} = {50B14211-2A9D-4956-A43F-A8B7A3000AF0}
		{BD2471BD-8B97-4EC7-96E8-A262EBC38173} = {50B14211-2A9D-4956-A43F-A8B7A3000AF0}
		{04FC4A9C-3671-415D-AAA9-B686A0F41758} = {50B14211-2A9D-4956-A43F-A8B7A3000AF0}
		{16EE7DC2-25F1-4A26-B391-6B10BA058142} = {50B14211-2A9D-4956-A43F-A8B7A3000AF0}
		{95C9254D-2CC4-4A4E-A5EA-B1972A03CE4A} = {50B14211-2A9D-4956-A43F-A8B7A3000AF0}
		{2E776CC0-EEF5-428A-9178-6838E368B85E} = {50B14211-2A9D-4956-A43F-A8B7A3000AF0}
		{30003FCC-29EC-4EEE-BBBE-9F9B04F999F3} = {50B14211-2A9D-4956-A43F-A8B7A3000AF0}
		{F47E39D9-3A57-4D4B-B36C-002295FF5519} = {446F1A6A-3624-4880-A7B0-BA3E3B0530F2}
		{370CAFF0-9475-450A-8B03-2B6C3197BAA3} = {FD4F98C5-45EC-49C4-B42F-E378D98F5A83}
		{B68D9102-04B1-4122-B3F8-32BFA314B694} = {FD4F98C5-45EC-49C4-B42F-E378D98F5A83}
		{41C6D497-55C4-4867-BDEA-684934559676} = {FD4F98C5-45EC-49C4-B42F-E378D98F5A83}
		{F81C99DE-39E2-4C90-AF01-E11C2D13DACC} = {FD4F98C5-45EC-49C4-B42F-E378D98F5A83}
		{643878F1-3B92-4C0A-9E3B-F8F84A26C89B} = {FD4F98C5-45EC-49C4-B42F-E378D98F5A83}
		{2F7B8911-380C-4C5F-B553-679B1B53BB4D} = {FD4F98C5-45EC-49C4-B42F-E378D98F5A83}
		{42C9727B-211A-4A40-81C9-B482FBC276C9} = {FD4F98C5-45EC-49C4-B42F-E378D98F5A83}
		{21D259C4-51B5-42B4-8E2C-B71A666EB16E} = {FD4F98C5-45EC-49C4-B42F-E378D98F5A83}
		{31193C90-AB4B-4416-8E89-1D8155B05A8E} = {C40BCB78-E884-48B5-8526-665EDB830F37}
		{9C932167-FAB2-4AF4-9694-96208F5F8F43} = {0D731525-FFAE-46CC-9BC4-19C11BEED63E}
		{83FEF915-616E-4BD3-94EE-CB4A1F61134B} = {B4379213-11CB-46E1-B54C-06A35D83A7A8}
		{D3D88159-0B54-44F1-8456-495D57CA8180} = {2EFE3EB7-FB10-4332-B09D-1D71EFC45C9A}
		{7D58F338-376A-4436-A062-614D35297DA3} = {2EFE3EB7-FB10-4332-B09D-1D71EFC45C9A}
		{7E202DED-A1AE-4FD4-B2C5-30C28EA091D7} = {F380E2E5-E414-4DDE-A8F2-159BBCB374B6}
		{32214833-43A7-4AE3-9881-C62C0B598556} = {F380E2E5-E414-4DDE-A8F2-159BBCB374B6}
		{57E7EA11-EAFF-40B8-9947-89DE339CB966} = {9747FD35-587F-40A5-95A9-8036344FB6D7}
		{14E17A58-BF38-42E9-A383-847BFA75C30B} = {9747FD35-587F-40A5-95A9-8036344FB6D7}
		{1BD5D95F-7F3A-4F3B-8189-9A256D4CDDD4} = {9747FD35-587F-40A5-95A9-8036344FB6D7}
		{F60C36BA-0861-4668-8689-69C9172EC1D6} = {9747FD35-587F-40A5-95A9-8036344FB6D7}
		{34051DC9-AD25-432D-A3A2-7892BA0A3C67} = {9747FD35-587F-40A5-95A9-8036344FB6D7}
		{DEE8E0C5-6D66-4B5F-A413-991D613D0707} = {AB6D97D5-EF92-4F29-A920-791E60BAAFF7}
		{6AE5ECCB-464F-4AF2-8E50-23605F23DF93} = {AB6D97D5-EF92-4F29-A920-791E60BAAFF7}
		{C1AA68CD-E1A3-44F0-B60C-ADAB4460F021} = {AB6D97D5-EF92-4F29-A920-791E60BAAFF7}
		{B3F811E5-96D3-4274-93EC-14DA1C660F83} = {BC3A3E36-C67F-4228-8EE5-3EF8C79F2CED}
		{CA53D507-EEF8-4838-BA99-591EAF0311B6} = {BC3A3E36-C67F-4228-8EE5-3EF8C79F2CED}
		{09045512-2992-43FA-935D-6D4CB2B83288} = {BC3A3E36-C67F-4228-8EE5-3EF8C79F2CED}
		{C93795EE-5396-4EFD-9112-950802C34CF6} = {F7A639C6-890E-4029-A464-03CCDCBF9D9E}
		{B9A4BD22-6FCA-4605-B7BF-60C8E8826368} = {F7A639C6-890E-4029-A464-03CCDCBF9D9E}
		{D8A38403-7755-41D4-B0FF-F95340845917} = {F7A639C6-890E-4029-A464-03CCDCBF9D9E}
		{8E44BE8B-72AC-428F-B8F1-5190E83B41AC} = {985A08B1-4F0A-48EE-AB34-B7688A576EC9}
		{E0B64B30-2504-43E5-97C3-3D328C948EA7} = {C212D48D-2F74-4622-BCC9-7B6D3E3B6D85}
		{159C3B56-3A43-41C2-93BD-F54A6245A9E8} = {362EFA85-5505-4D17-8C64-28702A151D96}
		{3F1138DF-EC11-40E7-9B59-B9684EC535B2} = {362EFA85-5505-4D17-8C64-28702A151D96}
		{42AF20B2-2279-4FBE-9C2C-6D8C143E5FE0} = {DEC40B35-3107-4806-88C6-0F6A0918A7E0}
	EndGlobalSection
EndGlobal
